// !$*UTF8*$!
{
	archiveVersion = 1;
	classes = {
	};
	objectVersion = 54;
	objects = {

/* Begin PBXBuildFile section */
		00E356F31AD99517003FC87E /* ExpenseAssistTests.m in Sources */ = {isa = PBXBuildFile; fileRef = 00E356F21AD99517003FC87E /* ExpenseAssistTests.m */; };
		13B07FBC1A68108700A75B9A /* AppDelegate.m in Sources */ = {isa = PBXBuildFile; fileRef = 13B07FB01A68108700A75B9A /* AppDelegate.m */; };
		13B07FBF1A68108700A75B9A /* Images.xcassets in Resources */ = {isa = PBXBuildFile; fileRef = 13B07FB51A68108700A75B9A /* Images.xcassets */; };
		13B07FC11A68108700A75B9A /* main.m in Sources */ = {isa = PBXBuildFile; fileRef = 13B07FB71A68108700A75B9A /* main.m */; };
		6172F2D35A4C3AA820D92908 /* libPods-ExpenseAssist.a in Frameworks */ = {isa = PBXBuildFile; fileRef = 6423831EA8574132BED9D8CC /* libPods-ExpenseAssist.a */; };
		7EF68E3733C33B6898317E18 /* libPods-ExpenseAssist-ExpenseAssistTests.a in Frameworks */ = {isa = PBXBuildFile; fileRef = ABFE59519B596E51CEFDCCC0 /* libPods-ExpenseAssist-ExpenseAssistTests.a */; };
		81AB9BB82411601600AC10FF /* LaunchScreen.storyboard in Resources */ = {isa = PBXBuildFile; fileRef = 81AB9BB72411601600AC10FF /* LaunchScreen.storyboard */; };
		29CAF6EF5A0947969B2DE03D /* Ionicons.ttf in Resources */ = {isa = PBXBuildFile; fileRef = 2BBD07E9F72E4D10B9913550 /* Ionicons.ttf */; };
		11FE0891D9EF4B72A616B38F /* AntDesign.ttf in Resources */ = {isa = PBXBuildFile; fileRef = 28286E7E1FE74359ACFD4687 /* AntDesign.ttf */; };
		F2F1A9AB39814CA98094A8FC /* Entypo.ttf in Resources */ = {isa = PBXBuildFile; fileRef = 85D0DF42284E4187A8AC4814 /* Entypo.ttf */; };
		6E243E0E7FD14E439F0865C2 /* EvilIcons.ttf in Resources */ = {isa = PBXBuildFile; fileRef = B29C4E07AE3A4DE5B94742EE /* EvilIcons.ttf */; };
		42FB7DD0FC4D4FDC8327258F /* Feather.ttf in Resources */ = {isa = PBXBuildFile; fileRef = B0AB86BC32AB4DDF9F7E3F92 /* Feather.ttf */; };
		DD2E0D3AE7EB4601A48307E4 /* FontAwesome.ttf in Resources */ = {isa = PBXBuildFile; fileRef = 389ED6D5EAF04CC3B637D598 /* FontAwesome.ttf */; };
		C837CA041B0C4E3BB166DEB6 /* FontAwesome5_Brands.ttf in Resources */ = {isa = PBXBuildFile; fileRef = AD23FDD8EBC3432BB622948E /* FontAwesome5_Brands.ttf */; };
		4DB22856C7114E62BFD90311 /* FontAwesome5_Regular.ttf in Resources */ = {isa = PBXBuildFile; fileRef = 010939E3391246398C4E3A36 /* FontAwesome5_Regular.ttf */; };
		5F9939E71C8C4C8EBE3B9983 /* FontAwesome5_Solid.ttf in Resources */ = {isa = PBXBuildFile; fileRef = 07D6A32C87784E0DA29716D0 /* FontAwesome5_Solid.ttf */; };
		A6EFE824E8E540D9AFDF63B2 /* Fontisto.ttf in Resources */ = {isa = PBXBuildFile; fileRef = 539E28436C574033B55677C6 /* Fontisto.ttf */; };
		9C6AF728097B4F4887B6B687 /* Foundation.ttf in Resources */ = {isa = PBXBuildFile; fileRef = E3DCFDEE780B4144870A4A6D /* Foundation.ttf */; };
		995564562B44483F9165F7CD /* Ionicons.ttf in Resources */ = {isa = PBXBuildFile; fileRef = C76B3462B9A3403596B9B184 /* Ionicons.ttf */; };
		3AEF07541BB14E0BB3F8E7B4 /* MaterialCommunityIcons.ttf in Resources */ = {isa = PBXBuildFile; fileRef = 3F7C91E1A7C043D5AEEB24BB /* MaterialCommunityIcons.ttf */; };
		320B811440E042039FE36624 /* MaterialIcons.ttf in Resources */ = {isa = PBXBuildFile; fileRef = 1AAE2872CCD1470CB6608048 /* MaterialIcons.ttf */; };
		3107B84AD8504D439DE28DA8 /* Octicons.ttf in Resources */ = {isa = PBXBuildFile; fileRef = CF9C3A25D57E47C7BF3BB1F4 /* Octicons.ttf */; };
		DFC10521A38D4A33B9E43DE0 /* SimpleLineIcons.ttf in Resources */ = {isa = PBXBuildFile; fileRef = C6E57B297C854CAEBA0DAFAB /* SimpleLineIcons.ttf */; };
		F66BF57A3CA0423CBB4AF50D /* Zocial.ttf in Resources */ = {isa = PBXBuildFile; fileRef = 8CE0C121255E413688A81EF7 /* Zocial.ttf */; };
		2F245BE822B94758B99C6EED /* Nunito-Black.ttf in Resources */ = {isa = PBXBuildFile; fileRef = 87028E4D445B4DACB928F660 /* Nunito-Black.ttf */; };
		15AC6D9198324D4AABAC072E /* Nunito-BlackItalic.ttf in Resources */ = {isa = PBXBuildFile; fileRef = 8F2C9682105B4DDEB8A8E9F8 /* Nunito-BlackItalic.ttf */; };
		20527614F9F644B2928C8477 /* Nunito-Bold.ttf in Resources */ = {isa = PBXBuildFile; fileRef = 686169F44CCE4814AB2FEAF7 /* Nunito-Bold.ttf */; };
		AF7E590E90F14890848AAE62 /* Nunito-BoldItalic.ttf in Resources */ = {isa = PBXBuildFile; fileRef = D7190D331CFB4B528D9F1C91 /* Nunito-BoldItalic.ttf */; };
		26AD51824ACC460F881A4154 /* Nunito-ExtraBold.ttf in Resources */ = {isa = PBXBuildFile; fileRef = 227DF3E775D44BD49EA1200C /* Nunito-ExtraBold.ttf */; };
		BA06566418DD4AD49DC40833 /* Nunito-ExtraBoldItalic.ttf in Resources */ = {isa = PBXBuildFile; fileRef = D50464CE2D244BF28DCD4A31 /* Nunito-ExtraBoldItalic.ttf */; };
		41E1FDD813334BF6BB71F976 /* Nunito-ExtraLight.ttf in Resources */ = {isa = PBXBuildFile; fileRef = CEB9CA6D8FEA4609BC599C5A /* Nunito-ExtraLight.ttf */; };
		5E02798659C241EFBB9AE4E4 /* Nunito-ExtraLightItalic.ttf in Resources */ = {isa = PBXBuildFile; fileRef = C13EBB373A70426AB6FB11C5 /* Nunito-ExtraLightItalic.ttf */; };
		43F3D41D21194C6AB30262CF /* Nunito-Italic.ttf in Resources */ = {isa = PBXBuildFile; fileRef = 42E0DCF0E80043FCAB32B341 /* Nunito-Italic.ttf */; };
		87528521FBAE4DCDA1B2856A /* Nunito-Light.ttf in Resources */ = {isa = PBXBuildFile; fileRef = 3C389A07A98D411294B134DA /* Nunito-Light.ttf */; };
		23C69BB293664608B18D960C /* Nunito-LightItalic.ttf in Resources */ = {isa = PBXBuildFile; fileRef = 9D7EBE5E5E5447BD8DBAB5D4 /* Nunito-LightItalic.ttf */; };
		69C623182D9047DF9C1C7B15 /* Nunito-Regular.ttf in Resources */ = {isa = PBXBuildFile; fileRef = 048AD708ED5D41E4A2A74B18 /* Nunito-Regular.ttf */; };
		728D0A96CBA942D8B29359C5 /* Nunito-SemiBold.ttf in Resources */ = {isa = PBXBuildFile; fileRef = F884B6DE97CA44A8B25DB9EB /* Nunito-SemiBold.ttf */; };
		6B4DB87E7EA047A486193891 /* Nunito-SemiBoldItalic.ttf in Resources */ = {isa = PBXBuildFile; fileRef = BB7F9ECBB98E4BF9AB0473FF /* Nunito-SemiBoldItalic.ttf */; };
		ED4F975E2FF84CE58251C077 /* Lato-Black.ttf in Resources */ = {isa = PBXBuildFile; fileRef = 047BEC3D2B73418DB3B9BE3A /* Lato-Black.ttf */; };
		C54980B305C94701A37DE44B /* Lato-Bold.ttf in Resources */ = {isa = PBXBuildFile; fileRef = FDE8E4769547460B8E24D814 /* Lato-Bold.ttf */; };
		8E2E65F1B76E4B50BC13EFD0 /* Lato-Light.ttf in Resources */ = {isa = PBXBuildFile; fileRef = E21C892578194D9D862B9E06 /* Lato-Light.ttf */; };
		966927F705B7455CA69F5A95 /* Lato-Regular.ttf in Resources */ = {isa = PBXBuildFile; fileRef = FC0438A1CC284584BAB279A6 /* Lato-Regular.ttf */; };
		359978E8C37B48DC92A0A9A6 /* Lato-Thin.ttf in Resources */ = {isa = PBXBuildFile; fileRef = 35A325F3620841FB9A6E995A /* Lato-Thin.ttf */; };
		44FFA8171D7A4046AA3B8ED7 /* Roboto-Black.ttf in Resources */ = {isa = PBXBuildFile; fileRef = 141863839C7845279E6DB77E /* Roboto-Black.ttf */; };
		0D2EC5E1C154421CA455B248 /* Roboto-BlackItalic.ttf in Resources */ = {isa = PBXBuildFile; fileRef = 104575865CC940549E902E87 /* Roboto-BlackItalic.ttf */; };
		BAF61CFF2C1E493591910551 /* Roboto-Bold.ttf in Resources */ = {isa = PBXBuildFile; fileRef = 38BFAB90E7304A79827B8202 /* Roboto-Bold.ttf */; };
		E2DF75AB5B1B4C429CD3E011 /* Roboto-BoldItalic.ttf in Resources */ = {isa = PBXBuildFile; fileRef = 49C2809345AD429490035E3A /* Roboto-BoldItalic.ttf */; };
		2FDF2B6F96C445179D75FEF4 /* Roboto-Italic.ttf in Resources */ = {isa = PBXBuildFile; fileRef = E642EF903E984EB0A09A8048 /* Roboto-Italic.ttf */; };
		67EB71423FDF462FA791ACD9 /* Roboto-Light.ttf in Resources */ = {isa = PBXBuildFile; fileRef = 13A6837594404B929EDD2CCD /* Roboto-Light.ttf */; };
		25C7186BA47D45CDACE96E09 /* Roboto-LightItalic.ttf in Resources */ = {isa = PBXBuildFile; fileRef = 19EFC66D7B9948B2A76F8D1D /* Roboto-LightItalic.ttf */; };
		92798BC9379C41569624DCC0 /* Roboto-Medium.ttf in Resources */ = {isa = PBXBuildFile; fileRef = BD115A7ED62A4EC3B0FDFAB3 /* Roboto-Medium.ttf */; };
		94F1032B8B0F4D1A87BC5703 /* Roboto-MediumItalic.ttf in Resources */ = {isa = PBXBuildFile; fileRef = 581BC03C9C434BDE8231A222 /* Roboto-MediumItalic.ttf */; };
		251735F2CB1E459584C3B732 /* Roboto-Regular.ttf in Resources */ = {isa = PBXBuildFile; fileRef = 8D141E378C424E29B42E922B /* Roboto-Regular.ttf */; };
		B7FB16471EDC4FF49B97CBC4 /* Roboto-Thin.ttf in Resources */ = {isa = PBXBuildFile; fileRef = 82FD2510F9EB4DAE8ED81A4C /* Roboto-Thin.ttf */; };
		7D09A5631107487AB18F0DEB /* Roboto-ThinItalic.ttf in Resources */ = {isa = PBXBuildFile; fileRef = 73575CEC8DE0428BB2B7D043 /* Roboto-ThinItalic.ttf */; };
		D5F5D485D8E44D318C4F9514 /* WorkSans-Black.ttf in Resources */ = {isa = PBXBuildFile; fileRef = 4EED2134B3474F3B8E173C61 /* WorkSans-Black.ttf */; };
		4CFBE53C96B0427B82168759 /* WorkSans-Bold.ttf in Resources */ = {isa = PBXBuildFile; fileRef = 3BA9EF7254474196913B99DE /* WorkSans-Bold.ttf */; };
		5E89601D96CC47A69AA1404A /* WorkSans-ExtraBold.ttf in Resources */ = {isa = PBXBuildFile; fileRef = 2F2C3514BA6F43E1992BE1CC /* WorkSans-ExtraBold.ttf */; };
		66A828637E1C4F6D8B4373E2 /* WorkSans-ExtraLight.ttf in Resources */ = {isa = PBXBuildFile; fileRef = BCD72936C45046C79E1A7689 /* WorkSans-ExtraLight.ttf */; };
		41D2C56116DD418BB32770A0 /* WorkSans-Light.ttf in Resources */ = {isa = PBXBuildFile; fileRef = 030A997F1055473081FB130E /* WorkSans-Light.ttf */; };
		52F1D3B50B764F8AB817B416 /* WorkSans-Medium.ttf in Resources */ = {isa = PBXBuildFile; fileRef = EA7615A758284D968D8ABC88 /* WorkSans-Medium.ttf */; };
		7E21CC218C404D8DA018BC29 /* WorkSans-Regular.ttf in Resources */ = {isa = PBXBuildFile; fileRef = 4746224B585A4362860F858F /* WorkSans-Regular.ttf */; };
		ED9E624C24114E6DA4F7B3D8 /* WorkSans-SemiBold.ttf in Resources */ = {isa = PBXBuildFile; fileRef = 72E1786E2FE24D64985C6737 /* WorkSans-SemiBold.ttf */; };
		CBDA259FBD7244A7982F4583 /* WorkSans-Thin.ttf in Resources */ = {isa = PBXBuildFile; fileRef = C9B0A07481874BDD9B4AA630 /* WorkSans-Thin.ttf */; };
		80AFDCE9BA7A4EC99C6B8638 /* AirbnbCerealBlack.woff in Resources */ = {isa = PBXBuildFile; fileRef = 8A5185DC9CAF48789F5B39ED /* AirbnbCerealBlack.woff */; };
		7073384B3B9640198836BDD3 /* AirbnbCerealBold.woff in Resources */ = {isa = PBXBuildFile; fileRef = F38BCED0F42C4B7290CB3EBB /* AirbnbCerealBold.woff */; };
		AF39BC25612640AA9A851342 /* AirbnbCerealBook.woff in Resources */ = {isa = PBXBuildFile; fileRef = 4B5EF0D2C7B249F98F653A6A /* AirbnbCerealBook.woff */; };
		AC5C12EC80E3462A88382C47 /* AirbnbCerealExtraBold.woff in Resources */ = {isa = PBXBuildFile; fileRef = 161F5D44C8AC4EFC8A45A686 /* AirbnbCerealExtraBold.woff */; };
		766AD35E558B471A96ABD0FD /* AirbnbCerealLight.woff in Resources */ = {isa = PBXBuildFile; fileRef = 2B9AB2D1135F4068B330DCD8 /* AirbnbCerealLight.woff */; };
		5A4384A68D8D445EA1FB3087 /* AirbnbCerealMedium.woff in Resources */ = {isa = PBXBuildFile; fileRef = 21639BFDB50E4C4D889B7527 /* AirbnbCerealMedium.woff */; };
		BFF948C1E1D6499FADD560C9 /* Proxima Nova Alt Bold.otf in Resources */ = {isa = PBXBuildFile; fileRef = F38CEB6986984A6BA737C5A0 /* Proxima Nova Alt Bold.otf */; };
		1A2FBD9E7A9A42918E01BA30 /* Proxima Nova Alt Light.otf in Resources */ = {isa = PBXBuildFile; fileRef = 0980857182254B729EA5E66B /* Proxima Nova Alt Light.otf */; };
		951780BAE9AA44A69C7430BA /* Proxima Nova Alt Thin.otf in Resources */ = {isa = PBXBuildFile; fileRef = 02EF9CFDFC6C4293BE4F261E /* Proxima Nova Alt Thin.otf */; };
		2451A2C6B6644935BBA96F56 /* Proxima Nova Black.otf in Resources */ = {isa = PBXBuildFile; fileRef = B723BCCF7D6343DA88798678 /* Proxima Nova Black.otf */; };
		37A353DDDC00400C9B62E824 /* Proxima Nova Bold.otf in Resources */ = {isa = PBXBuildFile; fileRef = 98B91BF8E6DF4825BA84A4A7 /* Proxima Nova Bold.otf */; };
		808B2B6B907244F187068AA9 /* Proxima Nova Extrabold.otf in Resources */ = {isa = PBXBuildFile; fileRef = 42285902C4BD444695601523 /* Proxima Nova Extrabold.otf */; };
		895F12DC40E0493C9BAA965F /* Proxima Nova Thin.otf in Resources */ = {isa = PBXBuildFile; fileRef = F62B871B4B4D48A9ABE350C5 /* Proxima Nova Thin.otf */; };
		871F20CF83CC45F1893739C5 /* ProximaNova-Regular.otf in Resources */ = {isa = PBXBuildFile; fileRef = 36CDA10C88DC445C80749D8E /* ProximaNova-Regular.otf */; };
		F8E7A2B878924A7691E4CD8A /* OpenSans-Bold.ttf in Resources */ = {isa = PBXBuildFile; fileRef = D122C1B70F81494699E36517 /* OpenSans-Bold.ttf */; };
		6916C0825E3D46F491DED2B6 /* OpenSans-ExtraBold.ttf in Resources */ = {isa = PBXBuildFile; fileRef = 6F20394F0EC244A0B2BDE038 /* OpenSans-ExtraBold.ttf */; };
		9D2C4E868D6942F6879E71BE /* OpenSans-Light.ttf in Resources */ = {isa = PBXBuildFile; fileRef = 96B6634FA02D4FBA80897D61 /* OpenSans-Light.ttf */; };
		78D821FA32EA477F98988BFF /* OpenSans-Medium.ttf in Resources */ = {isa = PBXBuildFile; fileRef = BFD68ABD79904486820FD455 /* OpenSans-Medium.ttf */; };
		A15102A3C6A642A8BD54A087 /* OpenSans-Regular.ttf in Resources */ = {isa = PBXBuildFile; fileRef = EEE83C0FB1EF494DAFC2C8CC /* OpenSans-Regular.ttf */; };
		A71329D7FE484C0C81EEE30E /* OpenSans-SemiBold.ttf in Resources */ = {isa = PBXBuildFile; fileRef = 5A4133F0EC78442994AF366E /* OpenSans-SemiBold.ttf */; };
		84FFD85A04584D588EC6613C /* Brandon_bld.otf in Resources */ = {isa = PBXBuildFile; fileRef = 7B7678B91991486F86F30338 /* Brandon_bld.otf */; };
		9D7981018A36496088B19A24 /* Brandon_blk.otf in Resources */ = {isa = PBXBuildFile; fileRef = CA48B92C7B4E447C878FACE4 /* Brandon_blk.otf */; };
		F7A707D9CE15409B86B468DA /* Brandon_light.otf in Resources */ = {isa = PBXBuildFile; fileRef = FE9A28729D57443AB4607D04 /* Brandon_light.otf */; };
		01563288ABF24456ACA4590E /* Brandon_med.otf in Resources */ = {isa = PBXBuildFile; fileRef = 61401799281F440385EAC28A /* Brandon_med.otf */; };
		5C1D1CF306CD4EEBB887AA03 /* Brandon_reg.otf in Resources */ = {isa = PBXBuildFile; fileRef = 509C108768D844108A8C4E0E /* Brandon_reg.otf */; };
		3CB5F2221D014CD99045C884 /* Brandon_thin.otf in Resources */ = {isa = PBXBuildFile; fileRef = CFFA8B43512A453AA72B68E4 /* Brandon_thin.otf */; };
		2AD81CF0E1E94610B99FFD86 /* OpenSans-BoldItalic.ttf in Resources */ = {isa = PBXBuildFile; fileRef = 812DD48DA5674D5FA51F8AEA /* OpenSans-BoldItalic.ttf */; };
		B8C1C9BC1C88437088BB62F4 /* OpenSans-ExtraBoldItalic.ttf in Resources */ = {isa = PBXBuildFile; fileRef = 178C2C51E9E04907A9F081A4 /* OpenSans-ExtraBoldItalic.ttf */; };
		1F95507B13FC404393204A60 /* OpenSans-Italic.ttf in Resources */ = {isa = PBXBuildFile; fileRef = FF22B098ED6E46D3833CB5E3 /* OpenSans-Italic.ttf */; };
		01D1CE498C21438B86D16166 /* OpenSans-LightItalic.ttf in Resources */ = {isa = PBXBuildFile; fileRef = A50FA34189A34D15A139A102 /* OpenSans-LightItalic.ttf */; };
		5B8D0ABCBECC47D6BCBB8F49 /* OpenSans-MediumItalic.ttf in Resources */ = {isa = PBXBuildFile; fileRef = 36CE6AB32F07410694F26578 /* OpenSans-MediumItalic.ttf */; };
		26A132C983304AD6B086A4B6 /* OpenSans-SemiBoldItalic.ttf in Resources */ = {isa = PBXBuildFile; fileRef = 2ABBAD7AC39B4A9DB8787599 /* OpenSans-SemiBoldItalic.ttf */; };
/* End PBXBuildFile section */

/* Begin PBXContainerItemProxy section */
		00E356F41AD99517003FC87E /* PBXContainerItemProxy */ = {
			isa = PBXContainerItemProxy;
			containerPortal = 83CBB9F71A601CBA00E9B192 /* Project object */;
			proxyType = 1;
			remoteGlobalIDString = 13B07F861A680F5B00A75B9A;
			remoteInfo = ExpenseAssist;
		};
/* End PBXContainerItemProxy section */

/* Begin PBXFileReference section */
		00E356EE1AD99517003FC87E /* ExpenseAssistTests.xctest */ = {isa = PBXFileReference; explicitFileType = wrapper.cfbundle; includeInIndex = 0; path = ExpenseAssistTests.xctest; sourceTree = BUILT_PRODUCTS_DIR; };
		00E356F11AD99517003FC87E /* Info.plist */ = {isa = PBXFileReference; lastKnownFileType = text.plist.xml; path = Info.plist; sourceTree = "<group>"; };
		00E356F21AD99517003FC87E /* ExpenseAssistTests.m */ = {isa = PBXFileReference; lastKnownFileType = sourcecode.c.objc; path = ExpenseAssistTests.m; sourceTree = "<group>"; };
		13B07F961A680F5B00A75B9A /* ExpenseAssist.app */ = {isa = PBXFileReference; explicitFileType = wrapper.application; includeInIndex = 0; path = ExpenseAssist.app; sourceTree = BUILT_PRODUCTS_DIR; };
		13B07FAF1A68108700A75B9A /* AppDelegate.h */ = {isa = PBXFileReference; fileEncoding = 4; lastKnownFileType = sourcecode.c.h; name = AppDelegate.h; path = ExpenseAssist/AppDelegate.h; sourceTree = "<group>"; };
		13B07FB01A68108700A75B9A /* AppDelegate.m */ = {isa = PBXFileReference; fileEncoding = 4; lastKnownFileType = sourcecode.c.objc; name = AppDelegate.m; path = ExpenseAssist/AppDelegate.m; sourceTree = "<group>"; };
		13B07FB51A68108700A75B9A /* Images.xcassets */ = {isa = PBXFileReference; lastKnownFileType = folder.assetcatalog; name = Images.xcassets; path = ExpenseAssist/Images.xcassets; sourceTree = "<group>"; };
		13B07FB61A68108700A75B9A /* Info.plist */ = {isa = PBXFileReference; fileEncoding = 4; lastKnownFileType = text.plist.xml; name = Info.plist; path = ExpenseAssist/Info.plist; sourceTree = "<group>"; };
		13B07FB71A68108700A75B9A /* main.m */ = {isa = PBXFileReference; fileEncoding = 4; lastKnownFileType = sourcecode.c.objc; name = main.m; path = ExpenseAssist/main.m; sourceTree = "<group>"; };
		1D0AE47A65C8663E3B452821 /* Pods-ExpenseAssist-ExpenseAssistTests.release.xcconfig */ = {isa = PBXFileReference; includeInIndex = 1; lastKnownFileType = text.xcconfig; name = "Pods-ExpenseAssist-ExpenseAssistTests.release.xcconfig"; path = "Target Support Files/Pods-ExpenseAssist-ExpenseAssistTests/Pods-ExpenseAssist-ExpenseAssistTests.release.xcconfig"; sourceTree = "<group>"; };
		6423831EA8574132BED9D8CC /* libPods-ExpenseAssist.a */ = {isa = PBXFileReference; explicitFileType = archive.ar; includeInIndex = 0; path = "libPods-ExpenseAssist.a"; sourceTree = BUILT_PRODUCTS_DIR; };
		6C97AB639B58BBB4B15BBE30 /* Pods-ExpenseAssist-ExpenseAssistTests.debug.xcconfig */ = {isa = PBXFileReference; includeInIndex = 1; lastKnownFileType = text.xcconfig; name = "Pods-ExpenseAssist-ExpenseAssistTests.debug.xcconfig"; path = "Target Support Files/Pods-ExpenseAssist-ExpenseAssistTests/Pods-ExpenseAssist-ExpenseAssistTests.debug.xcconfig"; sourceTree = "<group>"; };
		81AB9BB72411601600AC10FF /* LaunchScreen.storyboard */ = {isa = PBXFileReference; fileEncoding = 4; lastKnownFileType = file.storyboard; name = LaunchScreen.storyboard; path = ExpenseAssist/LaunchScreen.storyboard; sourceTree = "<group>"; };
		ABFE59519B596E51CEFDCCC0 /* libPods-ExpenseAssist-ExpenseAssistTests.a */ = {isa = PBXFileReference; explicitFileType = archive.ar; includeInIndex = 0; path = "libPods-ExpenseAssist-ExpenseAssistTests.a"; sourceTree = BUILT_PRODUCTS_DIR; };
		C0A881CF5CF3F2B244570E2A /* Pods-ExpenseAssist.debug.xcconfig */ = {isa = PBXFileReference; includeInIndex = 1; lastKnownFileType = text.xcconfig; name = "Pods-ExpenseAssist.debug.xcconfig"; path = "Target Support Files/Pods-ExpenseAssist/Pods-ExpenseAssist.debug.xcconfig"; sourceTree = "<group>"; };
		D00AAFFCFCFDA5787532823F /* Pods-ExpenseAssist.release.xcconfig */ = {isa = PBXFileReference; includeInIndex = 1; lastKnownFileType = text.xcconfig; name = "Pods-ExpenseAssist.release.xcconfig"; path = "Target Support Files/Pods-ExpenseAssist/Pods-ExpenseAssist.release.xcconfig"; sourceTree = "<group>"; };
		ED297162215061F000B7C4FE /* JavaScriptCore.framework */ = {isa = PBXFileReference; lastKnownFileType = wrapper.framework; name = JavaScriptCore.framework; path = System/Library/Frameworks/JavaScriptCore.framework; sourceTree = SDKROOT; };
		2BBD07E9F72E4D10B9913550 /* Ionicons.ttf */ = {isa = PBXFileReference; name = "Ionicons.ttf"; path = "../node_modules/react-native-ionicons/fonts/Ionicons.ttf"; sourceTree = "<group>"; fileEncoding = undefined; lastKnownFileType = unknown; explicitFileType = undefined; includeInIndex = 0; };
		28286E7E1FE74359ACFD4687 /* AntDesign.ttf */ = {isa = PBXFileReference; name = "AntDesign.ttf"; path = "../node_modules/react-native-vector-icons/Fonts/AntDesign.ttf"; sourceTree = "<group>"; fileEncoding = undefined; lastKnownFileType = unknown; explicitFileType = undefined; includeInIndex = 0; };
		85D0DF42284E4187A8AC4814 /* Entypo.ttf */ = {isa = PBXFileReference; name = "Entypo.ttf"; path = "../node_modules/react-native-vector-icons/Fonts/Entypo.ttf"; sourceTree = "<group>"; fileEncoding = undefined; lastKnownFileType = unknown; explicitFileType = undefined; includeInIndex = 0; };
		B29C4E07AE3A4DE5B94742EE /* EvilIcons.ttf */ = {isa = PBXFileReference; name = "EvilIcons.ttf"; path = "../node_modules/react-native-vector-icons/Fonts/EvilIcons.ttf"; sourceTree = "<group>"; fileEncoding = undefined; lastKnownFileType = unknown; explicitFileType = undefined; includeInIndex = 0; };
		B0AB86BC32AB4DDF9F7E3F92 /* Feather.ttf */ = {isa = PBXFileReference; name = "Feather.ttf"; path = "../node_modules/react-native-vector-icons/Fonts/Feather.ttf"; sourceTree = "<group>"; fileEncoding = undefined; lastKnownFileType = unknown; explicitFileType = undefined; includeInIndex = 0; };
		389ED6D5EAF04CC3B637D598 /* FontAwesome.ttf */ = {isa = PBXFileReference; name = "FontAwesome.ttf"; path = "../node_modules/react-native-vector-icons/Fonts/FontAwesome.ttf"; sourceTree = "<group>"; fileEncoding = undefined; lastKnownFileType = unknown; explicitFileType = undefined; includeInIndex = 0; };
		AD23FDD8EBC3432BB622948E /* FontAwesome5_Brands.ttf */ = {isa = PBXFileReference; name = "FontAwesome5_Brands.ttf"; path = "../node_modules/react-native-vector-icons/Fonts/FontAwesome5_Brands.ttf"; sourceTree = "<group>"; fileEncoding = undefined; lastKnownFileType = unknown; explicitFileType = undefined; includeInIndex = 0; };
		010939E3391246398C4E3A36 /* FontAwesome5_Regular.ttf */ = {isa = PBXFileReference; name = "FontAwesome5_Regular.ttf"; path = "../node_modules/react-native-vector-icons/Fonts/FontAwesome5_Regular.ttf"; sourceTree = "<group>"; fileEncoding = undefined; lastKnownFileType = unknown; explicitFileType = undefined; includeInIndex = 0; };
		07D6A32C87784E0DA29716D0 /* FontAwesome5_Solid.ttf */ = {isa = PBXFileReference; name = "FontAwesome5_Solid.ttf"; path = "../node_modules/react-native-vector-icons/Fonts/FontAwesome5_Solid.ttf"; sourceTree = "<group>"; fileEncoding = undefined; lastKnownFileType = unknown; explicitFileType = undefined; includeInIndex = 0; };
		539E28436C574033B55677C6 /* Fontisto.ttf */ = {isa = PBXFileReference; name = "Fontisto.ttf"; path = "../node_modules/react-native-vector-icons/Fonts/Fontisto.ttf"; sourceTree = "<group>"; fileEncoding = undefined; lastKnownFileType = unknown; explicitFileType = undefined; includeInIndex = 0; };
		E3DCFDEE780B4144870A4A6D /* Foundation.ttf */ = {isa = PBXFileReference; name = "Foundation.ttf"; path = "../node_modules/react-native-vector-icons/Fonts/Foundation.ttf"; sourceTree = "<group>"; fileEncoding = undefined; lastKnownFileType = unknown; explicitFileType = undefined; includeInIndex = 0; };
		C76B3462B9A3403596B9B184 /* Ionicons.ttf */ = {isa = PBXFileReference; name = "Ionicons.ttf"; path = "../node_modules/react-native-vector-icons/Fonts/Ionicons.ttf"; sourceTree = "<group>"; fileEncoding = undefined; lastKnownFileType = unknown; explicitFileType = undefined; includeInIndex = 0; };
		3F7C91E1A7C043D5AEEB24BB /* MaterialCommunityIcons.ttf */ = {isa = PBXFileReference; name = "MaterialCommunityIcons.ttf"; path = "../node_modules/react-native-vector-icons/Fonts/MaterialCommunityIcons.ttf"; sourceTree = "<group>"; fileEncoding = undefined; lastKnownFileType = unknown; explicitFileType = undefined; includeInIndex = 0; };
		1AAE2872CCD1470CB6608048 /* MaterialIcons.ttf */ = {isa = PBXFileReference; name = "MaterialIcons.ttf"; path = "../node_modules/react-native-vector-icons/Fonts/MaterialIcons.ttf"; sourceTree = "<group>"; fileEncoding = undefined; lastKnownFileType = unknown; explicitFileType = undefined; includeInIndex = 0; };
		CF9C3A25D57E47C7BF3BB1F4 /* Octicons.ttf */ = {isa = PBXFileReference; name = "Octicons.ttf"; path = "../node_modules/react-native-vector-icons/Fonts/Octicons.ttf"; sourceTree = "<group>"; fileEncoding = undefined; lastKnownFileType = unknown; explicitFileType = undefined; includeInIndex = 0; };
		C6E57B297C854CAEBA0DAFAB /* SimpleLineIcons.ttf */ = {isa = PBXFileReference; name = "SimpleLineIcons.ttf"; path = "../node_modules/react-native-vector-icons/Fonts/SimpleLineIcons.ttf"; sourceTree = "<group>"; fileEncoding = undefined; lastKnownFileType = unknown; explicitFileType = undefined; includeInIndex = 0; };
		8CE0C121255E413688A81EF7 /* Zocial.ttf */ = {isa = PBXFileReference; name = "Zocial.ttf"; path = "../node_modules/react-native-vector-icons/Fonts/Zocial.ttf"; sourceTree = "<group>"; fileEncoding = undefined; lastKnownFileType = unknown; explicitFileType = undefined; includeInIndex = 0; };
		87028E4D445B4DACB928F660 /* Nunito-Black.ttf */ = {isa = PBXFileReference; name = "Nunito-Black.ttf"; path = "../assets/fonts/Nunito/Nunito-Black.ttf"; sourceTree = "<group>"; fileEncoding = undefined; lastKnownFileType = unknown; explicitFileType = undefined; includeInIndex = 0; };
		8F2C9682105B4DDEB8A8E9F8 /* Nunito-BlackItalic.ttf */ = {isa = PBXFileReference; name = "Nunito-BlackItalic.ttf"; path = "../assets/fonts/Nunito/Nunito-BlackItalic.ttf"; sourceTree = "<group>"; fileEncoding = undefined; lastKnownFileType = unknown; explicitFileType = undefined; includeInIndex = 0; };
		686169F44CCE4814AB2FEAF7 /* Nunito-Bold.ttf */ = {isa = PBXFileReference; name = "Nunito-Bold.ttf"; path = "../assets/fonts/Nunito/Nunito-Bold.ttf"; sourceTree = "<group>"; fileEncoding = undefined; lastKnownFileType = unknown; explicitFileType = undefined; includeInIndex = 0; };
		D7190D331CFB4B528D9F1C91 /* Nunito-BoldItalic.ttf */ = {isa = PBXFileReference; name = "Nunito-BoldItalic.ttf"; path = "../assets/fonts/Nunito/Nunito-BoldItalic.ttf"; sourceTree = "<group>"; fileEncoding = undefined; lastKnownFileType = unknown; explicitFileType = undefined; includeInIndex = 0; };
		227DF3E775D44BD49EA1200C /* Nunito-ExtraBold.ttf */ = {isa = PBXFileReference; name = "Nunito-ExtraBold.ttf"; path = "../assets/fonts/Nunito/Nunito-ExtraBold.ttf"; sourceTree = "<group>"; fileEncoding = undefined; lastKnownFileType = unknown; explicitFileType = undefined; includeInIndex = 0; };
		D50464CE2D244BF28DCD4A31 /* Nunito-ExtraBoldItalic.ttf */ = {isa = PBXFileReference; name = "Nunito-ExtraBoldItalic.ttf"; path = "../assets/fonts/Nunito/Nunito-ExtraBoldItalic.ttf"; sourceTree = "<group>"; fileEncoding = undefined; lastKnownFileType = unknown; explicitFileType = undefined; includeInIndex = 0; };
		CEB9CA6D8FEA4609BC599C5A /* Nunito-ExtraLight.ttf */ = {isa = PBXFileReference; name = "Nunito-ExtraLight.ttf"; path = "../assets/fonts/Nunito/Nunito-ExtraLight.ttf"; sourceTree = "<group>"; fileEncoding = undefined; lastKnownFileType = unknown; explicitFileType = undefined; includeInIndex = 0; };
		C13EBB373A70426AB6FB11C5 /* Nunito-ExtraLightItalic.ttf */ = {isa = PBXFileReference; name = "Nunito-ExtraLightItalic.ttf"; path = "../assets/fonts/Nunito/Nunito-ExtraLightItalic.ttf"; sourceTree = "<group>"; fileEncoding = undefined; lastKnownFileType = unknown; explicitFileType = undefined; includeInIndex = 0; };
		42E0DCF0E80043FCAB32B341 /* Nunito-Italic.ttf */ = {isa = PBXFileReference; name = "Nunito-Italic.ttf"; path = "../assets/fonts/Nunito/Nunito-Italic.ttf"; sourceTree = "<group>"; fileEncoding = undefined; lastKnownFileType = unknown; explicitFileType = undefined; includeInIndex = 0; };
		3C389A07A98D411294B134DA /* Nunito-Light.ttf */ = {isa = PBXFileReference; name = "Nunito-Light.ttf"; path = "../assets/fonts/Nunito/Nunito-Light.ttf"; sourceTree = "<group>"; fileEncoding = undefined; lastKnownFileType = unknown; explicitFileType = undefined; includeInIndex = 0; };
		9D7EBE5E5E5447BD8DBAB5D4 /* Nunito-LightItalic.ttf */ = {isa = PBXFileReference; name = "Nunito-LightItalic.ttf"; path = "../assets/fonts/Nunito/Nunito-LightItalic.ttf"; sourceTree = "<group>"; fileEncoding = undefined; lastKnownFileType = unknown; explicitFileType = undefined; includeInIndex = 0; };
		048AD708ED5D41E4A2A74B18 /* Nunito-Regular.ttf */ = {isa = PBXFileReference; name = "Nunito-Regular.ttf"; path = "../assets/fonts/Nunito/Nunito-Regular.ttf"; sourceTree = "<group>"; fileEncoding = undefined; lastKnownFileType = unknown; explicitFileType = undefined; includeInIndex = 0; };
		F884B6DE97CA44A8B25DB9EB /* Nunito-SemiBold.ttf */ = {isa = PBXFileReference; name = "Nunito-SemiBold.ttf"; path = "../assets/fonts/Nunito/Nunito-SemiBold.ttf"; sourceTree = "<group>"; fileEncoding = undefined; lastKnownFileType = unknown; explicitFileType = undefined; includeInIndex = 0; };
		BB7F9ECBB98E4BF9AB0473FF /* Nunito-SemiBoldItalic.ttf */ = {isa = PBXFileReference; name = "Nunito-SemiBoldItalic.ttf"; path = "../assets/fonts/Nunito/Nunito-SemiBoldItalic.ttf"; sourceTree = "<group>"; fileEncoding = undefined; lastKnownFileType = unknown; explicitFileType = undefined; includeInIndex = 0; };
		047BEC3D2B73418DB3B9BE3A /* Lato-Black.ttf */ = {isa = PBXFileReference; name = "Lato-Black.ttf"; path = "../assets/fonts/Lato/Lato-Black.ttf"; sourceTree = "<group>"; fileEncoding = undefined; lastKnownFileType = unknown; explicitFileType = undefined; includeInIndex = 0; };
		FDE8E4769547460B8E24D814 /* Lato-Bold.ttf */ = {isa = PBXFileReference; name = "Lato-Bold.ttf"; path = "../assets/fonts/Lato/Lato-Bold.ttf"; sourceTree = "<group>"; fileEncoding = undefined; lastKnownFileType = unknown; explicitFileType = undefined; includeInIndex = 0; };
		E21C892578194D9D862B9E06 /* Lato-Light.ttf */ = {isa = PBXFileReference; name = "Lato-Light.ttf"; path = "../assets/fonts/Lato/Lato-Light.ttf"; sourceTree = "<group>"; fileEncoding = undefined; lastKnownFileType = unknown; explicitFileType = undefined; includeInIndex = 0; };
		FC0438A1CC284584BAB279A6 /* Lato-Regular.ttf */ = {isa = PBXFileReference; name = "Lato-Regular.ttf"; path = "../assets/fonts/Lato/Lato-Regular.ttf"; sourceTree = "<group>"; fileEncoding = undefined; lastKnownFileType = unknown; explicitFileType = undefined; includeInIndex = 0; };
		35A325F3620841FB9A6E995A /* Lato-Thin.ttf */ = {isa = PBXFileReference; name = "Lato-Thin.ttf"; path = "../assets/fonts/Lato/Lato-Thin.ttf"; sourceTree = "<group>"; fileEncoding = undefined; lastKnownFileType = unknown; explicitFileType = undefined; includeInIndex = 0; };
		141863839C7845279E6DB77E /* Roboto-Black.ttf */ = {isa = PBXFileReference; name = "Roboto-Black.ttf"; path = "../assets/fonts/Roboto/Roboto-Black.ttf"; sourceTree = "<group>"; fileEncoding = undefined; lastKnownFileType = unknown; explicitFileType = undefined; includeInIndex = 0; };
		104575865CC940549E902E87 /* Roboto-BlackItalic.ttf */ = {isa = PBXFileReference; name = "Roboto-BlackItalic.ttf"; path = "../assets/fonts/Roboto/Roboto-BlackItalic.ttf"; sourceTree = "<group>"; fileEncoding = undefined; lastKnownFileType = unknown; explicitFileType = undefined; includeInIndex = 0; };
		38BFAB90E7304A79827B8202 /* Roboto-Bold.ttf */ = {isa = PBXFileReference; name = "Roboto-Bold.ttf"; path = "../assets/fonts/Roboto/Roboto-Bold.ttf"; sourceTree = "<group>"; fileEncoding = undefined; lastKnownFileType = unknown; explicitFileType = undefined; includeInIndex = 0; };
		49C2809345AD429490035E3A /* Roboto-BoldItalic.ttf */ = {isa = PBXFileReference; name = "Roboto-BoldItalic.ttf"; path = "../assets/fonts/Roboto/Roboto-BoldItalic.ttf"; sourceTree = "<group>"; fileEncoding = undefined; lastKnownFileType = unknown; explicitFileType = undefined; includeInIndex = 0; };
		E642EF903E984EB0A09A8048 /* Roboto-Italic.ttf */ = {isa = PBXFileReference; name = "Roboto-Italic.ttf"; path = "../assets/fonts/Roboto/Roboto-Italic.ttf"; sourceTree = "<group>"; fileEncoding = undefined; lastKnownFileType = unknown; explicitFileType = undefined; includeInIndex = 0; };
		13A6837594404B929EDD2CCD /* Roboto-Light.ttf */ = {isa = PBXFileReference; name = "Roboto-Light.ttf"; path = "../assets/fonts/Roboto/Roboto-Light.ttf"; sourceTree = "<group>"; fileEncoding = undefined; lastKnownFileType = unknown; explicitFileType = undefined; includeInIndex = 0; };
		19EFC66D7B9948B2A76F8D1D /* Roboto-LightItalic.ttf */ = {isa = PBXFileReference; name = "Roboto-LightItalic.ttf"; path = "../assets/fonts/Roboto/Roboto-LightItalic.ttf"; sourceTree = "<group>"; fileEncoding = undefined; lastKnownFileType = unknown; explicitFileType = undefined; includeInIndex = 0; };
		BD115A7ED62A4EC3B0FDFAB3 /* Roboto-Medium.ttf */ = {isa = PBXFileReference; name = "Roboto-Medium.ttf"; path = "../assets/fonts/Roboto/Roboto-Medium.ttf"; sourceTree = "<group>"; fileEncoding = undefined; lastKnownFileType = unknown; explicitFileType = undefined; includeInIndex = 0; };
		581BC03C9C434BDE8231A222 /* Roboto-MediumItalic.ttf */ = {isa = PBXFileReference; name = "Roboto-MediumItalic.ttf"; path = "../assets/fonts/Roboto/Roboto-MediumItalic.ttf"; sourceTree = "<group>"; fileEncoding = undefined; lastKnownFileType = unknown; explicitFileType = undefined; includeInIndex = 0; };
		8D141E378C424E29B42E922B /* Roboto-Regular.ttf */ = {isa = PBXFileReference; name = "Roboto-Regular.ttf"; path = "../assets/fonts/Roboto/Roboto-Regular.ttf"; sourceTree = "<group>"; fileEncoding = undefined; lastKnownFileType = unknown; explicitFileType = undefined; includeInIndex = 0; };
		82FD2510F9EB4DAE8ED81A4C /* Roboto-Thin.ttf */ = {isa = PBXFileReference; name = "Roboto-Thin.ttf"; path = "../assets/fonts/Roboto/Roboto-Thin.ttf"; sourceTree = "<group>"; fileEncoding = undefined; lastKnownFileType = unknown; explicitFileType = undefined; includeInIndex = 0; };
		73575CEC8DE0428BB2B7D043 /* Roboto-ThinItalic.ttf */ = {isa = PBXFileReference; name = "Roboto-ThinItalic.ttf"; path = "../assets/fonts/Roboto/Roboto-ThinItalic.ttf"; sourceTree = "<group>"; fileEncoding = undefined; lastKnownFileType = unknown; explicitFileType = undefined; includeInIndex = 0; };
		4EED2134B3474F3B8E173C61 /* WorkSans-Black.ttf */ = {isa = PBXFileReference; name = "WorkSans-Black.ttf"; path = "../assets/fonts/Work_Sans/WorkSans-Black.ttf"; sourceTree = "<group>"; fileEncoding = undefined; lastKnownFileType = unknown; explicitFileType = undefined; includeInIndex = 0; };
		3BA9EF7254474196913B99DE /* WorkSans-Bold.ttf */ = {isa = PBXFileReference; name = "WorkSans-Bold.ttf"; path = "../assets/fonts/Work_Sans/WorkSans-Bold.ttf"; sourceTree = "<group>"; fileEncoding = undefined; lastKnownFileType = unknown; explicitFileType = undefined; includeInIndex = 0; };
		2F2C3514BA6F43E1992BE1CC /* WorkSans-ExtraBold.ttf */ = {isa = PBXFileReference; name = "WorkSans-ExtraBold.ttf"; path = "../assets/fonts/Work_Sans/WorkSans-ExtraBold.ttf"; sourceTree = "<group>"; fileEncoding = undefined; lastKnownFileType = unknown; explicitFileType = undefined; includeInIndex = 0; };
		BCD72936C45046C79E1A7689 /* WorkSans-ExtraLight.ttf */ = {isa = PBXFileReference; name = "WorkSans-ExtraLight.ttf"; path = "../assets/fonts/Work_Sans/WorkSans-ExtraLight.ttf"; sourceTree = "<group>"; fileEncoding = undefined; lastKnownFileType = unknown; explicitFileType = undefined; includeInIndex = 0; };
		030A997F1055473081FB130E /* WorkSans-Light.ttf */ = {isa = PBXFileReference; name = "WorkSans-Light.ttf"; path = "../assets/fonts/Work_Sans/WorkSans-Light.ttf"; sourceTree = "<group>"; fileEncoding = undefined; lastKnownFileType = unknown; explicitFileType = undefined; includeInIndex = 0; };
		EA7615A758284D968D8ABC88 /* WorkSans-Medium.ttf */ = {isa = PBXFileReference; name = "WorkSans-Medium.ttf"; path = "../assets/fonts/Work_Sans/WorkSans-Medium.ttf"; sourceTree = "<group>"; fileEncoding = undefined; lastKnownFileType = unknown; explicitFileType = undefined; includeInIndex = 0; };
		4746224B585A4362860F858F /* WorkSans-Regular.ttf */ = {isa = PBXFileReference; name = "WorkSans-Regular.ttf"; path = "../assets/fonts/Work_Sans/WorkSans-Regular.ttf"; sourceTree = "<group>"; fileEncoding = undefined; lastKnownFileType = unknown; explicitFileType = undefined; includeInIndex = 0; };
		72E1786E2FE24D64985C6737 /* WorkSans-SemiBold.ttf */ = {isa = PBXFileReference; name = "WorkSans-SemiBold.ttf"; path = "../assets/fonts/Work_Sans/WorkSans-SemiBold.ttf"; sourceTree = "<group>"; fileEncoding = undefined; lastKnownFileType = unknown; explicitFileType = undefined; includeInIndex = 0; };
		C9B0A07481874BDD9B4AA630 /* WorkSans-Thin.ttf */ = {isa = PBXFileReference; name = "WorkSans-Thin.ttf"; path = "../assets/fonts/Work_Sans/WorkSans-Thin.ttf"; sourceTree = "<group>"; fileEncoding = undefined; lastKnownFileType = unknown; explicitFileType = undefined; includeInIndex = 0; };
		8A5185DC9CAF48789F5B39ED /* AirbnbCerealBlack.woff */ = {isa = PBXFileReference; name = "AirbnbCerealBlack.woff"; path = "../assets/fonts/AirBnb/AirbnbCerealBlack.woff"; sourceTree = "<group>"; fileEncoding = undefined; lastKnownFileType = unknown; explicitFileType = undefined; includeInIndex = 0; };
		F38BCED0F42C4B7290CB3EBB /* AirbnbCerealBold.woff */ = {isa = PBXFileReference; name = "AirbnbCerealBold.woff"; path = "../assets/fonts/AirBnb/AirbnbCerealBold.woff"; sourceTree = "<group>"; fileEncoding = undefined; lastKnownFileType = unknown; explicitFileType = undefined; includeInIndex = 0; };
		4B5EF0D2C7B249F98F653A6A /* AirbnbCerealBook.woff */ = {isa = PBXFileReference; name = "AirbnbCerealBook.woff"; path = "../assets/fonts/AirBnb/AirbnbCerealBook.woff"; sourceTree = "<group>"; fileEncoding = undefined; lastKnownFileType = unknown; explicitFileType = undefined; includeInIndex = 0; };
		161F5D44C8AC4EFC8A45A686 /* AirbnbCerealExtraBold.woff */ = {isa = PBXFileReference; name = "AirbnbCerealExtraBold.woff"; path = "../assets/fonts/AirBnb/AirbnbCerealExtraBold.woff"; sourceTree = "<group>"; fileEncoding = undefined; lastKnownFileType = unknown; explicitFileType = undefined; includeInIndex = 0; };
		2B9AB2D1135F4068B330DCD8 /* AirbnbCerealLight.woff */ = {isa = PBXFileReference; name = "AirbnbCerealLight.woff"; path = "../assets/fonts/AirBnb/AirbnbCerealLight.woff"; sourceTree = "<group>"; fileEncoding = undefined; lastKnownFileType = unknown; explicitFileType = undefined; includeInIndex = 0; };
		21639BFDB50E4C4D889B7527 /* AirbnbCerealMedium.woff */ = {isa = PBXFileReference; name = "AirbnbCerealMedium.woff"; path = "../assets/fonts/AirBnb/AirbnbCerealMedium.woff"; sourceTree = "<group>"; fileEncoding = undefined; lastKnownFileType = unknown; explicitFileType = undefined; includeInIndex = 0; };
		F38CEB6986984A6BA737C5A0 /* Proxima Nova Alt Bold.otf */ = {isa = PBXFileReference; name = "Proxima Nova Alt Bold.otf"; path = "../assets/fonts/proxima_nova/Proxima Nova Alt Bold.otf"; sourceTree = "<group>"; fileEncoding = undefined; lastKnownFileType = unknown; explicitFileType = undefined; includeInIndex = 0; };
		0980857182254B729EA5E66B /* Proxima Nova Alt Light.otf */ = {isa = PBXFileReference; name = "Proxima Nova Alt Light.otf"; path = "../assets/fonts/proxima_nova/Proxima Nova Alt Light.otf"; sourceTree = "<group>"; fileEncoding = undefined; lastKnownFileType = unknown; explicitFileType = undefined; includeInIndex = 0; };
		02EF9CFDFC6C4293BE4F261E /* Proxima Nova Alt Thin.otf */ = {isa = PBXFileReference; name = "Proxima Nova Alt Thin.otf"; path = "../assets/fonts/proxima_nova/Proxima Nova Alt Thin.otf"; sourceTree = "<group>"; fileEncoding = undefined; lastKnownFileType = unknown; explicitFileType = undefined; includeInIndex = 0; };
		B723BCCF7D6343DA88798678 /* Proxima Nova Black.otf */ = {isa = PBXFileReference; name = "Proxima Nova Black.otf"; path = "../assets/fonts/proxima_nova/Proxima Nova Black.otf"; sourceTree = "<group>"; fileEncoding = undefined; lastKnownFileType = unknown; explicitFileType = undefined; includeInIndex = 0; };
		98B91BF8E6DF4825BA84A4A7 /* Proxima Nova Bold.otf */ = {isa = PBXFileReference; name = "Proxima Nova Bold.otf"; path = "../assets/fonts/proxima_nova/Proxima Nova Bold.otf"; sourceTree = "<group>"; fileEncoding = undefined; lastKnownFileType = unknown; explicitFileType = undefined; includeInIndex = 0; };
		42285902C4BD444695601523 /* Proxima Nova Extrabold.otf */ = {isa = PBXFileReference; name = "Proxima Nova Extrabold.otf"; path = "../assets/fonts/proxima_nova/Proxima Nova Extrabold.otf"; sourceTree = "<group>"; fileEncoding = undefined; lastKnownFileType = unknown; explicitFileType = undefined; includeInIndex = 0; };
		F62B871B4B4D48A9ABE350C5 /* Proxima Nova Thin.otf */ = {isa = PBXFileReference; name = "Proxima Nova Thin.otf"; path = "../assets/fonts/proxima_nova/Proxima Nova Thin.otf"; sourceTree = "<group>"; fileEncoding = undefined; lastKnownFileType = unknown; explicitFileType = undefined; includeInIndex = 0; };
		36CDA10C88DC445C80749D8E /* ProximaNova-Regular.otf */ = {isa = PBXFileReference; name = "ProximaNova-Regular.otf"; path = "../assets/fonts/proxima_nova/ProximaNova-Regular.otf"; sourceTree = "<group>"; fileEncoding = undefined; lastKnownFileType = unknown; explicitFileType = undefined; includeInIndex = 0; };
		D122C1B70F81494699E36517 /* OpenSans-Bold.ttf */ = {isa = PBXFileReference; name = "OpenSans-Bold.ttf"; path = "../assets/fonts/OpenSans/OpenSans-Bold.ttf"; sourceTree = "<group>"; fileEncoding = undefined; lastKnownFileType = unknown; explicitFileType = undefined; includeInIndex = 0; };
		6F20394F0EC244A0B2BDE038 /* OpenSans-ExtraBold.ttf */ = {isa = PBXFileReference; name = "OpenSans-ExtraBold.ttf"; path = "../assets/fonts/OpenSans/OpenSans-ExtraBold.ttf"; sourceTree = "<group>"; fileEncoding = undefined; lastKnownFileType = unknown; explicitFileType = undefined; includeInIndex = 0; };
		96B6634FA02D4FBA80897D61 /* OpenSans-Light.ttf */ = {isa = PBXFileReference; name = "OpenSans-Light.ttf"; path = "../assets/fonts/OpenSans/OpenSans-Light.ttf"; sourceTree = "<group>"; fileEncoding = undefined; lastKnownFileType = unknown; explicitFileType = undefined; includeInIndex = 0; };
		BFD68ABD79904486820FD455 /* OpenSans-Medium.ttf */ = {isa = PBXFileReference; name = "OpenSans-Medium.ttf"; path = "../assets/fonts/OpenSans/OpenSans-Medium.ttf"; sourceTree = "<group>"; fileEncoding = undefined; lastKnownFileType = unknown; explicitFileType = undefined; includeInIndex = 0; };
		EEE83C0FB1EF494DAFC2C8CC /* OpenSans-Regular.ttf */ = {isa = PBXFileReference; name = "OpenSans-Regular.ttf"; path = "../assets/fonts/OpenSans/OpenSans-Regular.ttf"; sourceTree = "<group>"; fileEncoding = undefined; lastKnownFileType = unknown; explicitFileType = undefined; includeInIndex = 0; };
		5A4133F0EC78442994AF366E /* OpenSans-SemiBold.ttf */ = {isa = PBXFileReference; name = "OpenSans-SemiBold.ttf"; path = "../assets/fonts/OpenSans/OpenSans-SemiBold.ttf"; sourceTree = "<group>"; fileEncoding = undefined; lastKnownFileType = unknown; explicitFileType = undefined; includeInIndex = 0; };
		7B7678B91991486F86F30338 /* Brandon_bld.otf */ = {isa = PBXFileReference; name = "Brandon_bld.otf"; path = "../assets/fonts/brandon/Brandon_bld.otf"; sourceTree = "<group>"; fileEncoding = undefined; lastKnownFileType = unknown; explicitFileType = undefined; includeInIndex = 0; };
		CA48B92C7B4E447C878FACE4 /* Brandon_blk.otf */ = {isa = PBXFileReference; name = "Brandon_blk.otf"; path = "../assets/fonts/brandon/Brandon_blk.otf"; sourceTree = "<group>"; fileEncoding = undefined; lastKnownFileType = unknown; explicitFileType = undefined; includeInIndex = 0; };
		FE9A28729D57443AB4607D04 /* Brandon_light.otf */ = {isa = PBXFileReference; name = "Brandon_light.otf"; path = "../assets/fonts/brandon/Brandon_light.otf"; sourceTree = "<group>"; fileEncoding = undefined; lastKnownFileType = unknown; explicitFileType = undefined; includeInIndex = 0; };
		61401799281F440385EAC28A /* Brandon_med.otf */ = {isa = PBXFileReference; name = "Brandon_med.otf"; path = "../assets/fonts/brandon/Brandon_med.otf"; sourceTree = "<group>"; fileEncoding = undefined; lastKnownFileType = unknown; explicitFileType = undefined; includeInIndex = 0; };
		509C108768D844108A8C4E0E /* Brandon_reg.otf */ = {isa = PBXFileReference; name = "Brandon_reg.otf"; path = "../assets/fonts/brandon/Brandon_reg.otf"; sourceTree = "<group>"; fileEncoding = undefined; lastKnownFileType = unknown; explicitFileType = undefined; includeInIndex = 0; };
		CFFA8B43512A453AA72B68E4 /* Brandon_thin.otf */ = {isa = PBXFileReference; name = "Brandon_thin.otf"; path = "../assets/fonts/brandon/Brandon_thin.otf"; sourceTree = "<group>"; fileEncoding = undefined; lastKnownFileType = unknown; explicitFileType = undefined; includeInIndex = 0; };
		812DD48DA5674D5FA51F8AEA /* OpenSans-BoldItalic.ttf */ = {isa = PBXFileReference; name = "OpenSans-BoldItalic.ttf"; path = "../assets/fonts/OpenSans/OpenSans-BoldItalic.ttf"; sourceTree = "<group>"; fileEncoding = undefined; lastKnownFileType = unknown; explicitFileType = undefined; includeInIndex = 0; };
		178C2C51E9E04907A9F081A4 /* OpenSans-ExtraBoldItalic.ttf */ = {isa = PBXFileReference; name = "OpenSans-ExtraBoldItalic.ttf"; path = "../assets/fonts/OpenSans/OpenSans-ExtraBoldItalic.ttf"; sourceTree = "<group>"; fileEncoding = undefined; lastKnownFileType = unknown; explicitFileType = undefined; includeInIndex = 0; };
		FF22B098ED6E46D3833CB5E3 /* OpenSans-Italic.ttf */ = {isa = PBXFileReference; name = "OpenSans-Italic.ttf"; path = "../assets/fonts/OpenSans/OpenSans-Italic.ttf"; sourceTree = "<group>"; fileEncoding = undefined; lastKnownFileType = unknown; explicitFileType = undefined; includeInIndex = 0; };
		A50FA34189A34D15A139A102 /* OpenSans-LightItalic.ttf */ = {isa = PBXFileReference; name = "OpenSans-LightItalic.ttf"; path = "../assets/fonts/OpenSans/OpenSans-LightItalic.ttf"; sourceTree = "<group>"; fileEncoding = undefined; lastKnownFileType = unknown; explicitFileType = undefined; includeInIndex = 0; };
		36CE6AB32F07410694F26578 /* OpenSans-MediumItalic.ttf */ = {isa = PBXFileReference; name = "OpenSans-MediumItalic.ttf"; path = "../assets/fonts/OpenSans/OpenSans-MediumItalic.ttf"; sourceTree = "<group>"; fileEncoding = undefined; lastKnownFileType = unknown; explicitFileType = undefined; includeInIndex = 0; };
		2ABBAD7AC39B4A9DB8787599 /* OpenSans-SemiBoldItalic.ttf */ = {isa = PBXFileReference; name = "OpenSans-SemiBoldItalic.ttf"; path = "../assets/fonts/OpenSans/OpenSans-SemiBoldItalic.ttf"; sourceTree = "<group>"; fileEncoding = undefined; lastKnownFileType = unknown; explicitFileType = undefined; includeInIndex = 0; };
/* End PBXFileReference section */

/* Begin PBXFrameworksBuildPhase section */
		00E356EB1AD99517003FC87E /* Frameworks */ = {
			isa = PBXFrameworksBuildPhase;
			buildActionMask = 2147483647;
			files = (
				7EF68E3733C33B6898317E18 /* libPods-ExpenseAssist-ExpenseAssistTests.a in Frameworks */,
			);
			runOnlyForDeploymentPostprocessing = 0;
		};
		13B07F8C1A680F5B00A75B9A /* Frameworks */ = {
			isa = PBXFrameworksBuildPhase;
			buildActionMask = 2147483647;
			files = (
				6172F2D35A4C3AA820D92908 /* libPods-ExpenseAssist.a in Frameworks */,
			);
			runOnlyForDeploymentPostprocessing = 0;
		};
/* End PBXFrameworksBuildPhase section */

/* Begin PBXGroup section */
		00E356EF1AD99517003FC87E /* ExpenseAssistTests */ = {
			isa = PBXGroup;
			children = (
				00E356F21AD99517003FC87E /* ExpenseAssistTests.m */,
				00E356F01AD99517003FC87E /* Supporting Files */,
			);
			path = ExpenseAssistTests;
			sourceTree = "<group>";
		};
		00E356F01AD99517003FC87E /* Supporting Files */ = {
			isa = PBXGroup;
			children = (
				00E356F11AD99517003FC87E /* Info.plist */,
			);
			name = "Supporting Files";
			sourceTree = "<group>";
		};
		13B07FAE1A68108700A75B9A /* ExpenseAssist */ = {
			isa = PBXGroup;
			children = (
				13B07FAF1A68108700A75B9A /* AppDelegate.h */,
				13B07FB01A68108700A75B9A /* AppDelegate.m */,
				13B07FB51A68108700A75B9A /* Images.xcassets */,
				13B07FB61A68108700A75B9A /* Info.plist */,
				81AB9BB72411601600AC10FF /* LaunchScreen.storyboard */,
				13B07FB71A68108700A75B9A /* main.m */,
			);
			name = ExpenseAssist;
			sourceTree = "<group>";
		};
		2D16E6871FA4F8E400B85C8A /* Frameworks */ = {
			isa = PBXGroup;
			children = (
				ED297162215061F000B7C4FE /* JavaScriptCore.framework */,
				6423831EA8574132BED9D8CC /* libPods-ExpenseAssist.a */,
				ABFE59519B596E51CEFDCCC0 /* libPods-ExpenseAssist-ExpenseAssistTests.a */,
			);
			name = Frameworks;
			sourceTree = "<group>";
		};
		832341AE1AAA6A7D00B99B32 /* Libraries */ = {
			isa = PBXGroup;
			children = (
			);
			name = Libraries;
			sourceTree = "<group>";
		};
		83CBB9F61A601CBA00E9B192 = {
			isa = PBXGroup;
			children = (
				13B07FAE1A68108700A75B9A /* ExpenseAssist */,
				832341AE1AAA6A7D00B99B32 /* Libraries */,
				00E356EF1AD99517003FC87E /* ExpenseAssistTests */,
				83CBBA001A601CBA00E9B192 /* Products */,
				2D16E6871FA4F8E400B85C8A /* Frameworks */,
				E233CBF5F47BEE60B243DCF8 /* Pods */,
				646B4C49282B4B5A834F08D3 /* Resources */,
			);
			indentWidth = 2;
			sourceTree = "<group>";
			tabWidth = 2;
			usesTabs = 0;
		};
		83CBBA001A601CBA00E9B192 /* Products */ = {
			isa = PBXGroup;
			children = (
				13B07F961A680F5B00A75B9A /* ExpenseAssist.app */,
				00E356EE1AD99517003FC87E /* ExpenseAssistTests.xctest */,
			);
			name = Products;
			sourceTree = "<group>";
		};
		E233CBF5F47BEE60B243DCF8 /* Pods */ = {
			isa = PBXGroup;
			children = (
				C0A881CF5CF3F2B244570E2A /* Pods-ExpenseAssist.debug.xcconfig */,
				D00AAFFCFCFDA5787532823F /* Pods-ExpenseAssist.release.xcconfig */,
				6C97AB639B58BBB4B15BBE30 /* Pods-ExpenseAssist-ExpenseAssistTests.debug.xcconfig */,
				1D0AE47A65C8663E3B452821 /* Pods-ExpenseAssist-ExpenseAssistTests.release.xcconfig */,
			);
			name = Pods;
			path = Pods;
			sourceTree = "<group>";
		};
		646B4C49282B4B5A834F08D3 /* Resources */ = {
			isa = "PBXGroup";
			children = (
				2BBD07E9F72E4D10B9913550 /* Ionicons.ttf */,
				28286E7E1FE74359ACFD4687 /* AntDesign.ttf */,
				85D0DF42284E4187A8AC4814 /* Entypo.ttf */,
				B29C4E07AE3A4DE5B94742EE /* EvilIcons.ttf */,
				B0AB86BC32AB4DDF9F7E3F92 /* Feather.ttf */,
				389ED6D5EAF04CC3B637D598 /* FontAwesome.ttf */,
				AD23FDD8EBC3432BB622948E /* FontAwesome5_Brands.ttf */,
				010939E3391246398C4E3A36 /* FontAwesome5_Regular.ttf */,
				07D6A32C87784E0DA29716D0 /* FontAwesome5_Solid.ttf */,
				539E28436C574033B55677C6 /* Fontisto.ttf */,
				E3DCFDEE780B4144870A4A6D /* Foundation.ttf */,
				C76B3462B9A3403596B9B184 /* Ionicons.ttf */,
				3F7C91E1A7C043D5AEEB24BB /* MaterialCommunityIcons.ttf */,
				1AAE2872CCD1470CB6608048 /* MaterialIcons.ttf */,
				CF9C3A25D57E47C7BF3BB1F4 /* Octicons.ttf */,
				C6E57B297C854CAEBA0DAFAB /* SimpleLineIcons.ttf */,
				8CE0C121255E413688A81EF7 /* Zocial.ttf */,
				87028E4D445B4DACB928F660 /* Nunito-Black.ttf */,
				8F2C9682105B4DDEB8A8E9F8 /* Nunito-BlackItalic.ttf */,
				686169F44CCE4814AB2FEAF7 /* Nunito-Bold.ttf */,
				D7190D331CFB4B528D9F1C91 /* Nunito-BoldItalic.ttf */,
				227DF3E775D44BD49EA1200C /* Nunito-ExtraBold.ttf */,
				D50464CE2D244BF28DCD4A31 /* Nunito-ExtraBoldItalic.ttf */,
				CEB9CA6D8FEA4609BC599C5A /* Nunito-ExtraLight.ttf */,
				C13EBB373A70426AB6FB11C5 /* Nunito-ExtraLightItalic.ttf */,
				42E0DCF0E80043FCAB32B341 /* Nunito-Italic.ttf */,
				3C389A07A98D411294B134DA /* Nunito-Light.ttf */,
				9D7EBE5E5E5447BD8DBAB5D4 /* Nunito-LightItalic.ttf */,
				048AD708ED5D41E4A2A74B18 /* Nunito-Regular.ttf */,
				F884B6DE97CA44A8B25DB9EB /* Nunito-SemiBold.ttf */,
				BB7F9ECBB98E4BF9AB0473FF /* Nunito-SemiBoldItalic.ttf */,
				047BEC3D2B73418DB3B9BE3A /* Lato-Black.ttf */,
				FDE8E4769547460B8E24D814 /* Lato-Bold.ttf */,
				E21C892578194D9D862B9E06 /* Lato-Light.ttf */,
				FC0438A1CC284584BAB279A6 /* Lato-Regular.ttf */,
				35A325F3620841FB9A6E995A /* Lato-Thin.ttf */,
				141863839C7845279E6DB77E /* Roboto-Black.ttf */,
				104575865CC940549E902E87 /* Roboto-BlackItalic.ttf */,
				38BFAB90E7304A79827B8202 /* Roboto-Bold.ttf */,
				49C2809345AD429490035E3A /* Roboto-BoldItalic.ttf */,
				E642EF903E984EB0A09A8048 /* Roboto-Italic.ttf */,
				13A6837594404B929EDD2CCD /* Roboto-Light.ttf */,
				19EFC66D7B9948B2A76F8D1D /* Roboto-LightItalic.ttf */,
				BD115A7ED62A4EC3B0FDFAB3 /* Roboto-Medium.ttf */,
				581BC03C9C434BDE8231A222 /* Roboto-MediumItalic.ttf */,
				8D141E378C424E29B42E922B /* Roboto-Regular.ttf */,
				82FD2510F9EB4DAE8ED81A4C /* Roboto-Thin.ttf */,
				73575CEC8DE0428BB2B7D043 /* Roboto-ThinItalic.ttf */,
				4EED2134B3474F3B8E173C61 /* WorkSans-Black.ttf */,
				3BA9EF7254474196913B99DE /* WorkSans-Bold.ttf */,
				2F2C3514BA6F43E1992BE1CC /* WorkSans-ExtraBold.ttf */,
				BCD72936C45046C79E1A7689 /* WorkSans-ExtraLight.ttf */,
				030A997F1055473081FB130E /* WorkSans-Light.ttf */,
				EA7615A758284D968D8ABC88 /* WorkSans-Medium.ttf */,
				4746224B585A4362860F858F /* WorkSans-Regular.ttf */,
				72E1786E2FE24D64985C6737 /* WorkSans-SemiBold.ttf */,
				C9B0A07481874BDD9B4AA630 /* WorkSans-Thin.ttf */,
				8A5185DC9CAF48789F5B39ED /* AirbnbCerealBlack.woff */,
				F38BCED0F42C4B7290CB3EBB /* AirbnbCerealBold.woff */,
				4B5EF0D2C7B249F98F653A6A /* AirbnbCerealBook.woff */,
				161F5D44C8AC4EFC8A45A686 /* AirbnbCerealExtraBold.woff */,
				2B9AB2D1135F4068B330DCD8 /* AirbnbCerealLight.woff */,
				21639BFDB50E4C4D889B7527 /* AirbnbCerealMedium.woff */,
				F38CEB6986984A6BA737C5A0 /* Proxima Nova Alt Bold.otf */,
				0980857182254B729EA5E66B /* Proxima Nova Alt Light.otf */,
				02EF9CFDFC6C4293BE4F261E /* Proxima Nova Alt Thin.otf */,
				B723BCCF7D6343DA88798678 /* Proxima Nova Black.otf */,
				98B91BF8E6DF4825BA84A4A7 /* Proxima Nova Bold.otf */,
				42285902C4BD444695601523 /* Proxima Nova Extrabold.otf */,
				F62B871B4B4D48A9ABE350C5 /* Proxima Nova Thin.otf */,
				36CDA10C88DC445C80749D8E /* ProximaNova-Regular.otf */,
				D122C1B70F81494699E36517 /* OpenSans-Bold.ttf */,
				6F20394F0EC244A0B2BDE038 /* OpenSans-ExtraBold.ttf */,
				96B6634FA02D4FBA80897D61 /* OpenSans-Light.ttf */,
				BFD68ABD79904486820FD455 /* OpenSans-Medium.ttf */,
				EEE83C0FB1EF494DAFC2C8CC /* OpenSans-Regular.ttf */,
				5A4133F0EC78442994AF366E /* OpenSans-SemiBold.ttf */,
				7B7678B91991486F86F30338 /* Brandon_bld.otf */,
				CA48B92C7B4E447C878FACE4 /* Brandon_blk.otf */,
				FE9A28729D57443AB4607D04 /* Brandon_light.otf */,
				61401799281F440385EAC28A /* Brandon_med.otf */,
				509C108768D844108A8C4E0E /* Brandon_reg.otf */,
				CFFA8B43512A453AA72B68E4 /* Brandon_thin.otf */,
				812DD48DA5674D5FA51F8AEA /* OpenSans-BoldItalic.ttf */,
				178C2C51E9E04907A9F081A4 /* OpenSans-ExtraBoldItalic.ttf */,
				FF22B098ED6E46D3833CB5E3 /* OpenSans-Italic.ttf */,
				A50FA34189A34D15A139A102 /* OpenSans-LightItalic.ttf */,
				36CE6AB32F07410694F26578 /* OpenSans-MediumItalic.ttf */,
				2ABBAD7AC39B4A9DB8787599 /* OpenSans-SemiBoldItalic.ttf */,
			);
			name = Resources;
			sourceTree = "<group>";
			path = "";
		};
/* End PBXGroup section */

/* Begin PBXNativeTarget section */
		00E356ED1AD99517003FC87E /* ExpenseAssistTests */ = {
			isa = PBXNativeTarget;
			buildConfigurationList = 00E357021AD99517003FC87E /* Build configuration list for PBXNativeTarget "ExpenseAssistTests" */;
			buildPhases = (
				A130D646172E58E1D159D8F2 /* [CP] Check Pods Manifest.lock */,
				00E356EA1AD99517003FC87E /* Sources */,
				00E356EB1AD99517003FC87E /* Frameworks */,
				00E356EC1AD99517003FC87E /* Resources */,
				077E01280D4B4AD18B2E1770 /* [CP] Embed Pods Frameworks */,
				4E62BDF20514810D028A5FBF /* [CP] Copy Pods Resources */,
			);
			buildRules = (
			);
			dependencies = (
				00E356F51AD99517003FC87E /* PBXTargetDependency */,
			);
			name = ExpenseAssistTests;
			productName = ExpenseAssistTests;
			productReference = 00E356EE1AD99517003FC87E /* ExpenseAssistTests.xctest */;
			productType = "com.apple.product-type.bundle.unit-test";
		};
		13B07F861A680F5B00A75B9A /* ExpenseAssist */ = {
			isa = PBXNativeTarget;
			buildConfigurationList = 13B07F931A680F5B00A75B9A /* Build configuration list for PBXNativeTarget "ExpenseAssist" */;
			buildPhases = (
				3E482C27206C4DEF2FE45063 /* [CP] Check Pods Manifest.lock */,
				FD10A7F022414F080027D42C /* Start Packager */,
				13B07F871A680F5B00A75B9A /* Sources */,
				13B07F8C1A680F5B00A75B9A /* Frameworks */,
				13B07F8E1A680F5B00A75B9A /* Resources */,
				00DD1BFF1BD5951E006B06BC /* Bundle React Native code and images */,
				C8AC78B0264D0F9F6F6D630E /* [CP] Embed Pods Frameworks */,
				ADC9DDC32298B72B3CF5DC8E /* [CP] Copy Pods Resources */,
			);
			buildRules = (
			);
			dependencies = (
			);
			name = ExpenseAssist;
			productName = ExpenseAssist;
			productReference = 13B07F961A680F5B00A75B9A /* ExpenseAssist.app */;
			productType = "com.apple.product-type.application";
		};
/* End PBXNativeTarget section */

/* Begin PBXProject section */
		83CBB9F71A601CBA00E9B192 /* Project object */ = {
			isa = PBXProject;
			attributes = {
				LastUpgradeCheck = 1210;
				TargetAttributes = {
					00E356ED1AD99517003FC87E = {
						CreatedOnToolsVersion = 6.2;
						TestTargetID = 13B07F861A680F5B00A75B9A;
					};
					13B07F861A680F5B00A75B9A = {
						LastSwiftMigration = 1120;
					};
				};
			};
			buildConfigurationList = 83CBB9FA1A601CBA00E9B192 /* Build configuration list for PBXProject "ExpenseAssist" */;
			compatibilityVersion = "Xcode 12.0";
			developmentRegion = en;
			hasScannedForEncodings = 0;
			knownRegions = (
				en,
				Base,
			);
			mainGroup = 83CBB9F61A601CBA00E9B192;
			productRefGroup = 83CBBA001A601CBA00E9B192 /* Products */;
			projectDirPath = "";
			projectRoot = "";
			targets = (
				13B07F861A680F5B00A75B9A /* ExpenseAssist */,
				00E356ED1AD99517003FC87E /* ExpenseAssistTests */,
			);
		};
/* End PBXProject section */

/* Begin PBXResourcesBuildPhase section */
		00E356EC1AD99517003FC87E /* Resources */ = {
			isa = PBXResourcesBuildPhase;
			buildActionMask = 2147483647;
			files = (
			);
			runOnlyForDeploymentPostprocessing = 0;
		};
		13B07F8E1A680F5B00A75B9A /* Resources */ = {
			isa = PBXResourcesBuildPhase;
			buildActionMask = 2147483647;
			files = (
				81AB9BB82411601600AC10FF /* LaunchScreen.storyboard in Resources */,
				13B07FBF1A68108700A75B9A /* Images.xcassets in Resources */,
				29CAF6EF5A0947969B2DE03D /* Ionicons.ttf in Resources */,
				11FE0891D9EF4B72A616B38F /* AntDesign.ttf in Resources */,
				F2F1A9AB39814CA98094A8FC /* Entypo.ttf in Resources */,
				6E243E0E7FD14E439F0865C2 /* EvilIcons.ttf in Resources */,
				42FB7DD0FC4D4FDC8327258F /* Feather.ttf in Resources */,
				DD2E0D3AE7EB4601A48307E4 /* FontAwesome.ttf in Resources */,
				C837CA041B0C4E3BB166DEB6 /* FontAwesome5_Brands.ttf in Resources */,
				4DB22856C7114E62BFD90311 /* FontAwesome5_Regular.ttf in Resources */,
				5F9939E71C8C4C8EBE3B9983 /* FontAwesome5_Solid.ttf in Resources */,
				A6EFE824E8E540D9AFDF63B2 /* Fontisto.ttf in Resources */,
				9C6AF728097B4F4887B6B687 /* Foundation.ttf in Resources */,
				995564562B44483F9165F7CD /* Ionicons.ttf in Resources */,
				3AEF07541BB14E0BB3F8E7B4 /* MaterialCommunityIcons.ttf in Resources */,
				320B811440E042039FE36624 /* MaterialIcons.ttf in Resources */,
				3107B84AD8504D439DE28DA8 /* Octicons.ttf in Resources */,
				DFC10521A38D4A33B9E43DE0 /* SimpleLineIcons.ttf in Resources */,
				F66BF57A3CA0423CBB4AF50D /* Zocial.ttf in Resources */,
				2F245BE822B94758B99C6EED /* Nunito-Black.ttf in Resources */,
				15AC6D9198324D4AABAC072E /* Nunito-BlackItalic.ttf in Resources */,
				20527614F9F644B2928C8477 /* Nunito-Bold.ttf in Resources */,
				AF7E590E90F14890848AAE62 /* Nunito-BoldItalic.ttf in Resources */,
				26AD51824ACC460F881A4154 /* Nunito-ExtraBold.ttf in Resources */,
				BA06566418DD4AD49DC40833 /* Nunito-ExtraBoldItalic.ttf in Resources */,
				41E1FDD813334BF6BB71F976 /* Nunito-ExtraLight.ttf in Resources */,
				5E02798659C241EFBB9AE4E4 /* Nunito-ExtraLightItalic.ttf in Resources */,
				43F3D41D21194C6AB30262CF /* Nunito-Italic.ttf in Resources */,
				87528521FBAE4DCDA1B2856A /* Nunito-Light.ttf in Resources */,
				23C69BB293664608B18D960C /* Nunito-LightItalic.ttf in Resources */,
				69C623182D9047DF9C1C7B15 /* Nunito-Regular.ttf in Resources */,
				728D0A96CBA942D8B29359C5 /* Nunito-SemiBold.ttf in Resources */,
				6B4DB87E7EA047A486193891 /* Nunito-SemiBoldItalic.ttf in Resources */,
				ED4F975E2FF84CE58251C077 /* Lato-Black.ttf in Resources */,
				C54980B305C94701A37DE44B /* Lato-Bold.ttf in Resources */,
				8E2E65F1B76E4B50BC13EFD0 /* Lato-Light.ttf in Resources */,
				966927F705B7455CA69F5A95 /* Lato-Regular.ttf in Resources */,
				359978E8C37B48DC92A0A9A6 /* Lato-Thin.ttf in Resources */,
				44FFA8171D7A4046AA3B8ED7 /* Roboto-Black.ttf in Resources */,
				0D2EC5E1C154421CA455B248 /* Roboto-BlackItalic.ttf in Resources */,
				BAF61CFF2C1E493591910551 /* Roboto-Bold.ttf in Resources */,
				E2DF75AB5B1B4C429CD3E011 /* Roboto-BoldItalic.ttf in Resources */,
				2FDF2B6F96C445179D75FEF4 /* Roboto-Italic.ttf in Resources */,
				67EB71423FDF462FA791ACD9 /* Roboto-Light.ttf in Resources */,
				25C7186BA47D45CDACE96E09 /* Roboto-LightItalic.ttf in Resources */,
				92798BC9379C41569624DCC0 /* Roboto-Medium.ttf in Resources */,
				94F1032B8B0F4D1A87BC5703 /* Roboto-MediumItalic.ttf in Resources */,
				251735F2CB1E459584C3B732 /* Roboto-Regular.ttf in Resources */,
				B7FB16471EDC4FF49B97CBC4 /* Roboto-Thin.ttf in Resources */,
				7D09A5631107487AB18F0DEB /* Roboto-ThinItalic.ttf in Resources */,
				D5F5D485D8E44D318C4F9514 /* WorkSans-Black.ttf in Resources */,
				4CFBE53C96B0427B82168759 /* WorkSans-Bold.ttf in Resources */,
				5E89601D96CC47A69AA1404A /* WorkSans-ExtraBold.ttf in Resources */,
				66A828637E1C4F6D8B4373E2 /* WorkSans-ExtraLight.ttf in Resources */,
				41D2C56116DD418BB32770A0 /* WorkSans-Light.ttf in Resources */,
				52F1D3B50B764F8AB817B416 /* WorkSans-Medium.ttf in Resources */,
				7E21CC218C404D8DA018BC29 /* WorkSans-Regular.ttf in Resources */,
				ED9E624C24114E6DA4F7B3D8 /* WorkSans-SemiBold.ttf in Resources */,
				CBDA259FBD7244A7982F4583 /* WorkSans-Thin.ttf in Resources */,
				80AFDCE9BA7A4EC99C6B8638 /* AirbnbCerealBlack.woff in Resources */,
				7073384B3B9640198836BDD3 /* AirbnbCerealBold.woff in Resources */,
				AF39BC25612640AA9A851342 /* AirbnbCerealBook.woff in Resources */,
				AC5C12EC80E3462A88382C47 /* AirbnbCerealExtraBold.woff in Resources */,
				766AD35E558B471A96ABD0FD /* AirbnbCerealLight.woff in Resources */,
				5A4384A68D8D445EA1FB3087 /* AirbnbCerealMedium.woff in Resources */,
				BFF948C1E1D6499FADD560C9 /* Proxima Nova Alt Bold.otf in Resources */,
				1A2FBD9E7A9A42918E01BA30 /* Proxima Nova Alt Light.otf in Resources */,
				951780BAE9AA44A69C7430BA /* Proxima Nova Alt Thin.otf in Resources */,
				2451A2C6B6644935BBA96F56 /* Proxima Nova Black.otf in Resources */,
				37A353DDDC00400C9B62E824 /* Proxima Nova Bold.otf in Resources */,
				808B2B6B907244F187068AA9 /* Proxima Nova Extrabold.otf in Resources */,
				895F12DC40E0493C9BAA965F /* Proxima Nova Thin.otf in Resources */,
				871F20CF83CC45F1893739C5 /* ProximaNova-Regular.otf in Resources */,
				F8E7A2B878924A7691E4CD8A /* OpenSans-Bold.ttf in Resources */,
				6916C0825E3D46F491DED2B6 /* OpenSans-ExtraBold.ttf in Resources */,
				9D2C4E868D6942F6879E71BE /* OpenSans-Light.ttf in Resources */,
				78D821FA32EA477F98988BFF /* OpenSans-Medium.ttf in Resources */,
				A15102A3C6A642A8BD54A087 /* OpenSans-Regular.ttf in Resources */,
				A71329D7FE484C0C81EEE30E /* OpenSans-SemiBold.ttf in Resources */,
				84FFD85A04584D588EC6613C /* Brandon_bld.otf in Resources */,
				9D7981018A36496088B19A24 /* Brandon_blk.otf in Resources */,
				F7A707D9CE15409B86B468DA /* Brandon_light.otf in Resources */,
				01563288ABF24456ACA4590E /* Brandon_med.otf in Resources */,
				5C1D1CF306CD4EEBB887AA03 /* Brandon_reg.otf in Resources */,
				3CB5F2221D014CD99045C884 /* Brandon_thin.otf in Resources */,
				2AD81CF0E1E94610B99FFD86 /* OpenSans-BoldItalic.ttf in Resources */,
				B8C1C9BC1C88437088BB62F4 /* OpenSans-ExtraBoldItalic.ttf in Resources */,
				1F95507B13FC404393204A60 /* OpenSans-Italic.ttf in Resources */,
				01D1CE498C21438B86D16166 /* OpenSans-LightItalic.ttf in Resources */,
				5B8D0ABCBECC47D6BCBB8F49 /* OpenSans-MediumItalic.ttf in Resources */,
				26A132C983304AD6B086A4B6 /* OpenSans-SemiBoldItalic.ttf in Resources */,
			);
			runOnlyForDeploymentPostprocessing = 0;
		};
/* End PBXResourcesBuildPhase section */

/* Begin PBXShellScriptBuildPhase section */
		00DD1BFF1BD5951E006B06BC /* Bundle React Native code and images */ = {
			isa = PBXShellScriptBuildPhase;
			buildActionMask = 2147483647;
			files = (
			);
			inputPaths = (
			);
			name = "Bundle React Native code and images";
			outputPaths = (
			);
			runOnlyForDeploymentPostprocessing = 0;
			shellPath = /bin/sh;
			shellScript = "set -e\n\nexport NODE_BINARY=node\n../node_modules/react-native/scripts/react-native-xcode.sh\n";
		};
		077E01280D4B4AD18B2E1770 /* [CP] Embed Pods Frameworks */ = {
			isa = PBXShellScriptBuildPhase;
			buildActionMask = 2147483647;
			files = (
			);
			inputFileListPaths = (
				"${PODS_ROOT}/Target Support Files/Pods-ExpenseAssist-ExpenseAssistTests/Pods-ExpenseAssist-ExpenseAssistTests-frameworks-${CONFIGURATION}-input-files.xcfilelist",
			);
			name = "[CP] Embed Pods Frameworks";
			outputFileListPaths = (
				"${PODS_ROOT}/Target Support Files/Pods-ExpenseAssist-ExpenseAssistTests/Pods-ExpenseAssist-ExpenseAssistTests-frameworks-${CONFIGURATION}-output-files.xcfilelist",
			);
			runOnlyForDeploymentPostprocessing = 0;
			shellPath = /bin/sh;
			shellScript = "\"${PODS_ROOT}/Target Support Files/Pods-ExpenseAssist-ExpenseAssistTests/Pods-ExpenseAssist-ExpenseAssistTests-frameworks.sh\"\n";
			showEnvVarsInLog = 0;
		};
		3E482C27206C4DEF2FE45063 /* [CP] Check Pods Manifest.lock */ = {
			isa = PBXShellScriptBuildPhase;
			buildActionMask = 2147483647;
			files = (
			);
			inputFileListPaths = (
			);
			inputPaths = (
				"${PODS_PODFILE_DIR_PATH}/Podfile.lock",
				"${PODS_ROOT}/Manifest.lock",
			);
			name = "[CP] Check Pods Manifest.lock";
			outputFileListPaths = (
			);
			outputPaths = (
				"$(DERIVED_FILE_DIR)/Pods-ExpenseAssist-checkManifestLockResult.txt",
			);
			runOnlyForDeploymentPostprocessing = 0;
			shellPath = /bin/sh;
			shellScript = "diff \"${PODS_PODFILE_DIR_PATH}/Podfile.lock\" \"${PODS_ROOT}/Manifest.lock\" > /dev/null\nif [ $? != 0 ] ; then\n    # print error to STDERR\n    echo \"error: The sandbox is not in sync with the Podfile.lock. Run 'pod install' or update your CocoaPods installation.\" >&2\n    exit 1\nfi\n# This output is used by Xcode 'outputs' to avoid re-running this script phase.\necho \"SUCCESS\" > \"${SCRIPT_OUTPUT_FILE_0}\"\n";
			showEnvVarsInLog = 0;
		};
		4E62BDF20514810D028A5FBF /* [CP] Copy Pods Resources */ = {
			isa = PBXShellScriptBuildPhase;
			buildActionMask = 2147483647;
			files = (
			);
			inputFileListPaths = (
				"${PODS_ROOT}/Target Support Files/Pods-ExpenseAssist-ExpenseAssistTests/Pods-ExpenseAssist-ExpenseAssistTests-resources-${CONFIGURATION}-input-files.xcfilelist",
			);
			name = "[CP] Copy Pods Resources";
			outputFileListPaths = (
				"${PODS_ROOT}/Target Support Files/Pods-ExpenseAssist-ExpenseAssistTests/Pods-ExpenseAssist-ExpenseAssistTests-resources-${CONFIGURATION}-output-files.xcfilelist",
			);
			runOnlyForDeploymentPostprocessing = 0;
			shellPath = /bin/sh;
			shellScript = "\"${PODS_ROOT}/Target Support Files/Pods-ExpenseAssist-ExpenseAssistTests/Pods-ExpenseAssist-ExpenseAssistTests-resources.sh\"\n";
			showEnvVarsInLog = 0;
		};
		A130D646172E58E1D159D8F2 /* [CP] Check Pods Manifest.lock */ = {
			isa = PBXShellScriptBuildPhase;
			buildActionMask = 2147483647;
			files = (
			);
			inputFileListPaths = (
			);
			inputPaths = (
				"${PODS_PODFILE_DIR_PATH}/Podfile.lock",
				"${PODS_ROOT}/Manifest.lock",
			);
			name = "[CP] Check Pods Manifest.lock";
			outputFileListPaths = (
			);
			outputPaths = (
				"$(DERIVED_FILE_DIR)/Pods-ExpenseAssist-ExpenseAssistTests-checkManifestLockResult.txt",
			);
			runOnlyForDeploymentPostprocessing = 0;
			shellPath = /bin/sh;
			shellScript = "diff \"${PODS_PODFILE_DIR_PATH}/Podfile.lock\" \"${PODS_ROOT}/Manifest.lock\" > /dev/null\nif [ $? != 0 ] ; then\n    # print error to STDERR\n    echo \"error: The sandbox is not in sync with the Podfile.lock. Run 'pod install' or update your CocoaPods installation.\" >&2\n    exit 1\nfi\n# This output is used by Xcode 'outputs' to avoid re-running this script phase.\necho \"SUCCESS\" > \"${SCRIPT_OUTPUT_FILE_0}\"\n";
			showEnvVarsInLog = 0;
		};
		ADC9DDC32298B72B3CF5DC8E /* [CP] Copy Pods Resources */ = {
			isa = PBXShellScriptBuildPhase;
			buildActionMask = 2147483647;
			files = (
			);
			inputFileListPaths = (
				"${PODS_ROOT}/Target Support Files/Pods-ExpenseAssist/Pods-ExpenseAssist-resources-${CONFIGURATION}-input-files.xcfilelist",
			);
			name = "[CP] Copy Pods Resources";
			outputFileListPaths = (
				"${PODS_ROOT}/Target Support Files/Pods-ExpenseAssist/Pods-ExpenseAssist-resources-${CONFIGURATION}-output-files.xcfilelist",
			);
			runOnlyForDeploymentPostprocessing = 0;
			shellPath = /bin/sh;
			shellScript = "\"${PODS_ROOT}/Target Support Files/Pods-ExpenseAssist/Pods-ExpenseAssist-resources.sh\"\n";
			showEnvVarsInLog = 0;
		};
		C8AC78B0264D0F9F6F6D630E /* [CP] Embed Pods Frameworks */ = {
			isa = PBXShellScriptBuildPhase;
			buildActionMask = 2147483647;
			files = (
			);
			inputFileListPaths = (
				"${PODS_ROOT}/Target Support Files/Pods-ExpenseAssist/Pods-ExpenseAssist-frameworks-${CONFIGURATION}-input-files.xcfilelist",
			);
			name = "[CP] Embed Pods Frameworks";
			outputFileListPaths = (
				"${PODS_ROOT}/Target Support Files/Pods-ExpenseAssist/Pods-ExpenseAssist-frameworks-${CONFIGURATION}-output-files.xcfilelist",
			);
			runOnlyForDeploymentPostprocessing = 0;
			shellPath = /bin/sh;
			shellScript = "\"${PODS_ROOT}/Target Support Files/Pods-ExpenseAssist/Pods-ExpenseAssist-frameworks.sh\"\n";
			showEnvVarsInLog = 0;
		};
		FD10A7F022414F080027D42C /* Start Packager */ = {
			isa = PBXShellScriptBuildPhase;
			buildActionMask = 2147483647;
			files = (
			);
			inputFileListPaths = (
			);
			inputPaths = (
			);
			name = "Start Packager";
			outputFileListPaths = (
			);
			outputPaths = (
			);
			runOnlyForDeploymentPostprocessing = 0;
			shellPath = /bin/sh;
			shellScript = "export RCT_METRO_PORT=\"${RCT_METRO_PORT:=8081}\"\necho \"export RCT_METRO_PORT=${RCT_METRO_PORT}\" > \"${SRCROOT}/../node_modules/react-native/scripts/.packager.env\"\nif [ -z \"${RCT_NO_LAUNCH_PACKAGER+xxx}\" ] ; then\n  if nc -w 5 -z localhost ${RCT_METRO_PORT} ; then\n    if ! curl -s \"http://localhost:${RCT_METRO_PORT}/status\" | grep -q \"packager-status:running\" ; then\n      echo \"Port ${RCT_METRO_PORT} already in use, packager is either not running or not running correctly\"\n      exit 2\n    fi\n  else\n    open \"$SRCROOT/../node_modules/react-native/scripts/launchPackager.command\" || echo \"Can't start packager automatically\"\n  fi\nfi\n";
			showEnvVarsInLog = 0;
		};
/* End PBXShellScriptBuildPhase section */

/* Begin PBXSourcesBuildPhase section */
		00E356EA1AD99517003FC87E /* Sources */ = {
			isa = PBXSourcesBuildPhase;
			buildActionMask = 2147483647;
			files = (
				00E356F31AD99517003FC87E /* ExpenseAssistTests.m in Sources */,
			);
			runOnlyForDeploymentPostprocessing = 0;
		};
		13B07F871A680F5B00A75B9A /* Sources */ = {
			isa = PBXSourcesBuildPhase;
			buildActionMask = 2147483647;
			files = (
				13B07FBC1A68108700A75B9A /* AppDelegate.m in Sources */,
				13B07FC11A68108700A75B9A /* main.m in Sources */,
			);
			runOnlyForDeploymentPostprocessing = 0;
		};
/* End PBXSourcesBuildPhase section */

/* Begin PBXTargetDependency section */
		00E356F51AD99517003FC87E /* PBXTargetDependency */ = {
			isa = PBXTargetDependency;
			target = 13B07F861A680F5B00A75B9A /* ExpenseAssist */;
			targetProxy = 00E356F41AD99517003FC87E /* PBXContainerItemProxy */;
		};
/* End PBXTargetDependency section */

/* Begin XCBuildConfiguration section */
		00E356F61AD99517003FC87E /* Debug */ = {
			isa = XCBuildConfiguration;
			baseConfigurationReference = 6C97AB639B58BBB4B15BBE30 /* Pods-ExpenseAssist-ExpenseAssistTests.debug.xcconfig */;
			buildSettings = {
				BUNDLE_LOADER = "$(TEST_HOST)";
				GCC_PREPROCESSOR_DEFINITIONS = (
					"DEBUG=1",
					"$(inherited)",
				);
				INFOPLIST_FILE = ExpenseAssistTests/Info.plist;
				IPHONEOS_DEPLOYMENT_TARGET = 11.0;
				LD_RUNPATH_SEARCH_PATHS = (
					"$(inherited)",
					"@executable_path/Frameworks",
					"@loader_path/Frameworks",
				);
				OTHER_LDFLAGS = (
					"-ObjC",
					"-lc++",
					"$(inherited)",
				);
				PRODUCT_BUNDLE_IDENTIFIER = "org.reactjs.native.example.$(PRODUCT_NAME:rfc1034identifier)";
				PRODUCT_NAME = "$(TARGET_NAME)";
				TEST_HOST = "$(BUILT_PRODUCTS_DIR)/ExpenseAssist.app/ExpenseAssist";
			};
			name = Debug;
		};
		00E356F71AD99517003FC87E /* Release */ = {
			isa = XCBuildConfiguration;
			baseConfigurationReference = 1D0AE47A65C8663E3B452821 /* Pods-ExpenseAssist-ExpenseAssistTests.release.xcconfig */;
			buildSettings = {
				BUNDLE_LOADER = "$(TEST_HOST)";
				COPY_PHASE_STRIP = NO;
				INFOPLIST_FILE = ExpenseAssistTests/Info.plist;
				IPHONEOS_DEPLOYMENT_TARGET = 11.0;
				LD_RUNPATH_SEARCH_PATHS = (
					"$(inherited)",
					"@executable_path/Frameworks",
					"@loader_path/Frameworks",
				);
				OTHER_LDFLAGS = (
					"-ObjC",
					"-lc++",
					"$(inherited)",
				);
				PRODUCT_BUNDLE_IDENTIFIER = "org.reactjs.native.example.$(PRODUCT_NAME:rfc1034identifier)";
				PRODUCT_NAME = "$(TARGET_NAME)";
				TEST_HOST = "$(BUILT_PRODUCTS_DIR)/ExpenseAssist.app/ExpenseAssist";
			};
			name = Release;
		};
		13B07F941A680F5B00A75B9A /* Debug */ = {
			isa = XCBuildConfiguration;
			baseConfigurationReference = C0A881CF5CF3F2B244570E2A /* Pods-ExpenseAssist.debug.xcconfig */;
			buildSettings = {
				ASSETCATALOG_COMPILER_APPICON_NAME = AppIcon;
				CLANG_ENABLE_MODULES = YES;
				CURRENT_PROJECT_VERSION = 1;
				ENABLE_BITCODE = NO;
				INFOPLIST_FILE = ExpenseAssist/Info.plist;
				LD_RUNPATH_SEARCH_PATHS = (
					"$(inherited)",
					"@executable_path/Frameworks",
				);
				OTHER_LDFLAGS = (
					"$(inherited)",
					"-ObjC",
					"-lc++",
				);
				PRODUCT_BUNDLE_IDENTIFIER = "org.reactjs.native.example.$(PRODUCT_NAME:rfc1034identifier)";
				PRODUCT_NAME = ExpenseAssist;
				SWIFT_OPTIMIZATION_LEVEL = "-Onone";
				SWIFT_VERSION = 5.0;
				VERSIONING_SYSTEM = "apple-generic";
			};
			name = Debug;
		};
		13B07F951A680F5B00A75B9A /* Release */ = {
			isa = XCBuildConfiguration;
			baseConfigurationReference = D00AAFFCFCFDA5787532823F /* Pods-ExpenseAssist.release.xcconfig */;
			buildSettings = {
				ASSETCATALOG_COMPILER_APPICON_NAME = AppIcon;
				CLANG_ENABLE_MODULES = YES;
				CURRENT_PROJECT_VERSION = 1;
				INFOPLIST_FILE = ExpenseAssist/Info.plist;
				LD_RUNPATH_SEARCH_PATHS = (
					"$(inherited)",
					"@executable_path/Frameworks",
				);
				OTHER_LDFLAGS = (
					"$(inherited)",
					"-ObjC",
					"-lc++",
				);
				PRODUCT_BUNDLE_IDENTIFIER = "org.reactjs.native.example.$(PRODUCT_NAME:rfc1034identifier)";
				PRODUCT_NAME = ExpenseAssist;
				SWIFT_VERSION = 5.0;
				VERSIONING_SYSTEM = "apple-generic";
			};
			name = Release;
		};
		83CBBA201A601CBA00E9B192 /* Debug */ = {
			isa = XCBuildConfiguration;
			buildSettings = {
				ALWAYS_SEARCH_USER_PATHS = NO;
				CLANG_ANALYZER_LOCALIZABILITY_NONLOCALIZED = YES;
				CLANG_CXX_LANGUAGE_STANDARD = "gnu++0x";
				CLANG_CXX_LIBRARY = "libc++";
				CLANG_ENABLE_MODULES = YES;
				CLANG_ENABLE_OBJC_ARC = YES;
				CLANG_WARN_BLOCK_CAPTURE_AUTORELEASING = YES;
				CLANG_WARN_BOOL_CONVERSION = YES;
				CLANG_WARN_COMMA = YES;
				CLANG_WARN_CONSTANT_CONVERSION = YES;
				CLANG_WARN_DEPRECATED_OBJC_IMPLEMENTATIONS = YES;
				CLANG_WARN_DIRECT_OBJC_ISA_USAGE = YES_ERROR;
				CLANG_WARN_EMPTY_BODY = YES;
				CLANG_WARN_ENUM_CONVERSION = YES;
				CLANG_WARN_INFINITE_RECURSION = YES;
				CLANG_WARN_INT_CONVERSION = YES;
				CLANG_WARN_NON_LITERAL_NULL_CONVERSION = YES;
				CLANG_WARN_OBJC_IMPLICIT_RETAIN_SELF = YES;
				CLANG_WARN_OBJC_LITERAL_CONVERSION = YES;
				CLANG_WARN_OBJC_ROOT_CLASS = YES_ERROR;
				CLANG_WARN_QUOTED_INCLUDE_IN_FRAMEWORK_HEADER = YES;
				CLANG_WARN_RANGE_LOOP_ANALYSIS = YES;
				CLANG_WARN_STRICT_PROTOTYPES = YES;
				CLANG_WARN_SUSPICIOUS_MOVE = YES;
				CLANG_WARN_UNREACHABLE_CODE = YES;
				CLANG_WARN__DUPLICATE_METHOD_MATCH = YES;
				"CODE_SIGN_IDENTITY[sdk=iphoneos*]" = "iPhone Developer";
				COPY_PHASE_STRIP = NO;
				ENABLE_STRICT_OBJC_MSGSEND = YES;
				ENABLE_TESTABILITY = YES;
				"EXCLUDED_ARCHS[sdk=iphonesimulator*]" = "arm64 ";
				GCC_C_LANGUAGE_STANDARD = gnu99;
				GCC_DYNAMIC_NO_PIC = NO;
				GCC_NO_COMMON_BLOCKS = YES;
				GCC_OPTIMIZATION_LEVEL = 0;
				GCC_PREPROCESSOR_DEFINITIONS = (
					"DEBUG=1",
					"$(inherited)",
				);
				GCC_SYMBOLS_PRIVATE_EXTERN = NO;
				GCC_WARN_64_TO_32_BIT_CONVERSION = YES;
				GCC_WARN_ABOUT_RETURN_TYPE = YES_ERROR;
				GCC_WARN_UNDECLARED_SELECTOR = YES;
				GCC_WARN_UNINITIALIZED_AUTOS = YES_AGGRESSIVE;
				GCC_WARN_UNUSED_FUNCTION = YES;
				GCC_WARN_UNUSED_VARIABLE = YES;
				IPHONEOS_DEPLOYMENT_TARGET = 11.0;
				LD_RUNPATH_SEARCH_PATHS = (
					/usr/lib/swift,
					"$(inherited)",
				);
				LIBRARY_SEARCH_PATHS = (
					"\"$(SDKROOT)/usr/lib/swift\"",
					"\"$(TOOLCHAIN_DIR)/usr/lib/swift/$(PLATFORM_NAME)\"",
					"\"$(TOOLCHAIN_DIR)/usr/lib/swift-5.0/$(PLATFORM_NAME)\"",
					"\"$(inherited)\"",
				);
				MTL_ENABLE_DEBUG_INFO = YES;
				ONLY_ACTIVE_ARCH = YES;
				SDKROOT = iphoneos;
			};
			name = Debug;
		};
		83CBBA211A601CBA00E9B192 /* Release */ = {
			isa = XCBuildConfiguration;
			buildSettings = {
				ALWAYS_SEARCH_USER_PATHS = NO;
				CLANG_ANALYZER_LOCALIZABILITY_NONLOCALIZED = YES;
				CLANG_CXX_LANGUAGE_STANDARD = "gnu++0x";
				CLANG_CXX_LIBRARY = "libc++";
				CLANG_ENABLE_MODULES = YES;
				CLANG_ENABLE_OBJC_ARC = YES;
				CLANG_WARN_BLOCK_CAPTURE_AUTORELEASING = YES;
				CLANG_WARN_BOOL_CONVERSION = YES;
				CLANG_WARN_COMMA = YES;
				CLANG_WARN_CONSTANT_CONVERSION = YES;
				CLANG_WARN_DEPRECATED_OBJC_IMPLEMENTATIONS = YES;
				CLANG_WARN_DIRECT_OBJC_ISA_USAGE = YES_ERROR;
				CLANG_WARN_EMPTY_BODY = YES;
				CLANG_WARN_ENUM_CONVERSION = YES;
				CLANG_WARN_INFINITE_RECURSION = YES;
				CLANG_WARN_INT_CONVERSION = YES;
				CLANG_WARN_NON_LITERAL_NULL_CONVERSION = YES;
				CLANG_WARN_OBJC_IMPLICIT_RETAIN_SELF = YES;
				CLANG_WARN_OBJC_LITERAL_CONVERSION = YES;
				CLANG_WARN_OBJC_ROOT_CLASS = YES_ERROR;
				CLANG_WARN_QUOTED_INCLUDE_IN_FRAMEWORK_HEADER = YES;
				CLANG_WARN_RANGE_LOOP_ANALYSIS = YES;
				CLANG_WARN_STRICT_PROTOTYPES = YES;
				CLANG_WARN_SUSPICIOUS_MOVE = YES;
				CLANG_WARN_UNREACHABLE_CODE = YES;
				CLANG_WARN__DUPLICATE_METHOD_MATCH = YES;
				"CODE_SIGN_IDENTITY[sdk=iphoneos*]" = "iPhone Developer";
				COPY_PHASE_STRIP = YES;
				ENABLE_NS_ASSERTIONS = NO;
				ENABLE_STRICT_OBJC_MSGSEND = YES;
				"EXCLUDED_ARCHS[sdk=iphonesimulator*]" = "arm64 ";
				GCC_C_LANGUAGE_STANDARD = gnu99;
				GCC_NO_COMMON_BLOCKS = YES;
				GCC_WARN_64_TO_32_BIT_CONVERSION = YES;
				GCC_WARN_ABOUT_RETURN_TYPE = YES_ERROR;
				GCC_WARN_UNDECLARED_SELECTOR = YES;
				GCC_WARN_UNINITIALIZED_AUTOS = YES_AGGRESSIVE;
				GCC_WARN_UNUSED_FUNCTION = YES;
				GCC_WARN_UNUSED_VARIABLE = YES;
				IPHONEOS_DEPLOYMENT_TARGET = 11.0;
				LD_RUNPATH_SEARCH_PATHS = (
					/usr/lib/swift,
					"$(inherited)",
				);
				LIBRARY_SEARCH_PATHS = (
					"\"$(SDKROOT)/usr/lib/swift\"",
					"\"$(TOOLCHAIN_DIR)/usr/lib/swift/$(PLATFORM_NAME)\"",
					"\"$(TOOLCHAIN_DIR)/usr/lib/swift-5.0/$(PLATFORM_NAME)\"",
					"\"$(inherited)\"",
				);
				MTL_ENABLE_DEBUG_INFO = NO;
				SDKROOT = iphoneos;
				VALIDATE_PRODUCT = YES;
			};
			name = Release;
		};
/* End XCBuildConfiguration section */

/* Begin XCConfigurationList section */
		00E357021AD99517003FC87E /* Build configuration list for PBXNativeTarget "ExpenseAssistTests" */ = {
			isa = XCConfigurationList;
			buildConfigurations = (
				00E356F61AD99517003FC87E /* Debug */,
				00E356F71AD99517003FC87E /* Release */,
			);
			defaultConfigurationIsVisible = 0;
			defaultConfigurationName = Release;
		};
		13B07F931A680F5B00A75B9A /* Build configuration list for PBXNativeTarget "ExpenseAssist" */ = {
			isa = XCConfigurationList;
			buildConfigurations = (
				13B07F941A680F5B00A75B9A /* Debug */,
				13B07F951A680F5B00A75B9A /* Release */,
			);
			defaultConfigurationIsVisible = 0;
			defaultConfigurationName = Release;
		};
		83CBB9FA1A601CBA00E9B192 /* Build configuration list for PBXProject "ExpenseAssist" */ = {
			isa = XCConfigurationList;
			buildConfigurations = (
				83CBBA201A601CBA00E9B192 /* Debug */,
				83CBBA211A601CBA00E9B192 /* Release */,
			);
			defaultConfigurationIsVisible = 0;
			defaultConfigurationName = Release;
		};
/* End XCConfigurationList section */
	};
	rootObject = 83CBB9F71A601CBA00E9B192 /* Project object */;
}
